{
  "version": 1,
  "dependencies": {
    ".NETCoreApp,Version=v3.1": {
      "Grpc.AspNetCore": {
        "type": "Direct",
        "requested": "[2.48.0, )",
        "resolved": "2.48.0",
        "contentHash": "vNfXJbHxmN8QyRIrfTZ+aItcnopFuU1nIyssYi7o2ncyELKouT649z4SmXtPZtbr6mB3f041Cj8uZT+qCplaUQ==",
        "dependencies": {
          "Google.Protobuf": "3.19.4",
          "Grpc.AspNetCore.Server.ClientFactory": "2.48.0",
          "Grpc.Tools": "2.48.0"
        }
      },
      "System.Text.Json": {
        "type": "Direct",
        "requested": "[6.0.6, )",
        "resolved": "6.0.6",
        "contentHash": "GZ+62pLOr544jwSvyXv5ezSfzlFBTjLuPhgOS2dnKuknAA8dPNUGXLKTHf9XdsudU9JpbtweXnE4oEiKEB2T1Q==",
        "dependencies": {
          "System.Runtime.CompilerServices.Unsafe": "6.0.0",
          "System.Text.Encodings.Web": "6.0.0"
        }
      },
      "Google.Protobuf": {
        "type": "Transitive",
        "resolved": "3.19.4",
        "contentHash": "fd07/ykL4O4FhqrZIELm5lmiyOHfdPg9+o+hWr6tcfRdS7tHXnImg/2wtogLzlW2eEmr0J7j6ZrZvaWOLiJbxQ==",
        "dependencies": {
          "System.Memory": "4.5.3",
          "System.Runtime.CompilerServices.Unsafe": "4.5.2"
        }
      },
      "Grpc.AspNetCore.Server": {
        "type": "Transitive",
        "resolved": "2.48.0",
        "contentHash": "7GaNW8YnE5t+BpU75PsHgAJuy5Fp5ZMvLDSBdjUR4zUi27FwnVxiOhACyayprdCNNOwitbxUIc3iB5A7yn/QvQ==",
        "dependencies": {
          "Grpc.Net.Common": "2.48.0"
        }
      },
      "Grpc.AspNetCore.Server.ClientFactory": {
        "type": "Transitive",
        "resolved": "2.48.0",
        "contentHash": "4EokjYJnLqaNUxhtTD2khodU6VuSmA35BkF2IyL7T7Q1JJJLCGTN0q5ycrB1+oRYkYvniZms++/vuEDxC3dk6g==",
        "dependencies": {
          "Grpc.AspNetCore.Server": "2.48.0",
          "Grpc.Net.ClientFactory": "2.48.0"
        }
      },
      "Grpc.Core.Api": {
        "type": "Transitive",
        "resolved": "2.48.0",
        "contentHash": "Kc9DrAVO3ao5jzI2IsItCZthJ1WCyvH8KE8N1cLRojmLvdCdOMT9R1doN47GuWPJQ1hH+dDPrxemB8Nv6Szn+w==",
        "dependencies": {
          "System.Memory": "4.5.3"
        }
      },
      "Grpc.Net.Client": {
        "type": "Transitive",
        "resolved": "2.48.0",
        "contentHash": "4QRComAnIYGGuqp05tw31g6LaKOJGkJ+bWzGVMEWKeFioj94TtgwCr7no4eRq9C+1sof+q9n9t5x57tvhkhE4g==",
        "dependencies": {
          "Grpc.Net.Common": "2.48.0",
          "Microsoft.Extensions.Logging.Abstractions": "3.0.3",
          "System.Diagnostics.DiagnosticSource": "4.5.1"
        }
      },
      "Grpc.Net.ClientFactory": {
        "type": "Transitive",
        "resolved": "2.48.0",
        "contentHash": "BBQ9V0m50LWLCR+kdPhVSxWhv6pTQs/CjrXj8+BygGcqdDHs+BwCKsYb+ArfC2/26475+XldNyx5WbrjJvDOdg==",
        "dependencies": {
          "Grpc.Net.Client": "2.48.0",
          "Microsoft.Extensions.Http": "3.0.3"
        }
      },
      "Grpc.Net.Common": {
        "type": "Transitive",
        "resolved": "2.48.0",
        "contentHash": "ju/jD0VR+cYdByLdaDc7toqAJxGzM0ba2rpQTbBrlHT+sRpCZAXUURZAlSszGAR7GLDXh4jm5n/KB6amT/xkVg==",
        "dependencies": {
          "Grpc.Core.Api": "2.48.0"
        }
      },
      "Grpc.Tools": {
        "type": "Transitive",
        "resolved": "2.48.0",
        "contentHash": "53PFxisWVWweF/LNK/8T9NHQhCzHi9yjcYqk8vf/Mt7He+P8dVgaES6XeATW5WWWsIVNBaBZxxavRRMvjrLalQ=="
      },
      "Microsoft.Extensions.Configuration": {
        "type": "Transitive",
        "resolved": "3.0.3",
        "contentHash": "0F/MLd7yOSjhswQSFO6tkTREHxBffE/AS9gnvtx1jVFaKNdJPEj+2KOdREmYZ4Orpvf4nwXGwbRpX5SLlwIPEw==",
        "dependencies": {
          "Microsoft.Extensions.Configuration.Abstractions": "3.0.3"
        }
      },
      "Microsoft.Extensions.Configuration.Abstractions": {
        "type": "Transitive",
        "resolved": "3.0.3",
        "contentHash": "ND+ka7njp3HgVJCVn0YgpuxbFWBOCkcQaK+UBGJNseDhjz6I/qpXmCqLK+nXSzxU7cdscFWnUJS6wjEEEkMvSQ==",
        "dependencies": {
          "Microsoft.Extensions.Primitives": "3.0.3"
        }
      },
      "Microsoft.Extensions.Configuration.Binder": {
        "type": "Transitive",
        "resolved": "3.0.3",
        "contentHash": "hRmuReZgWqWqko4RXaGd/DP9L7380+HafHgbR5CMc7AZYmoLpUmeV8O8sgZqJONCbzg1q0Sz8U8Gy99eETpGPA==",
        "dependencies": {
          "Microsoft.Extensions.Configuration": "3.0.3"
        }
      },
      "Microsoft.Extensions.DependencyInjection": {
        "type": "Transitive",
        "resolved": "3.0.3",
        "contentHash": "Vu59TuHl3zoRI8vwK6gQL2EbWI2Qf/uBHFkSJXb4pgNvW7g8yK6Gn3v1bXDIKbMKEneTApriHfCVde0O314K+g==",
        "dependencies": {
          "Microsoft.Extensions.DependencyInjection.Abstractions": "3.0.3"
        }
      },
      "Microsoft.Extensions.DependencyInjection.Abstractions": {
        "type": "Transitive",
        "resolved": "3.0.3",
        "contentHash": "Wb1ejBzHhCvp7VMr+M7vlHoXb68mJ89IHj4L+TzL8yA+X7Iz2UTAEkl8aIbhRloroYJw5zvlIPtKF5uA4wFlxw=="
      },
      "Microsoft.Extensions.Http": {
        "type": "Transitive",
        "resolved": "3.0.3",
        "contentHash": "dcyB8szIcSynjVZRuFgqkZpPgTc5zeRSj1HMXSmNqWbHYKiPYJl8ZQgBHz6wmZNSUUNGpCs5uxUg8DZHHDC1Ew==",
        "dependencies": {
          "Microsoft.Extensions.DependencyInjection.Abstractions": "3.0.3",
          "Microsoft.Extensions.Logging": "3.0.3",
          "Microsoft.Extensions.Options": "3.0.3"
        }
      },
      "Microsoft.Extensions.Logging": {
        "type": "Transitive",
        "resolved": "3.0.3",
        "contentHash": "uAZppu6kWIgS+VtVjqmhh+k3bMztwWQR5HYxI++Cn5Kz5m099g0KJ+krUrckaZP9NqIplQu63tPR5YpNWnjLuw==",
        "dependencies": {
          "Microsoft.Extensions.Configuration.Binder": "3.0.3",
          "Microsoft.Extensions.DependencyInjection": "3.0.3",
          "Microsoft.Extensions.Logging.Abstractions": "3.0.3",
          "Microsoft.Extensions.Options": "3.0.3"
        }
      },
      "Microsoft.Extensions.Logging.Abstractions": {
        "type": "Transitive",
        "resolved": "3.0.3",
        "contentHash": "m2Jyi/MEn043WMI1I6J1ALuCThktZ93rd7eqzYeLmMcA0bdZC+TBVl0LuEbEWM01dWeeBjOoagjNwQTzOi2r6A=="
      },
      "Microsoft.Extensions.Options": {
        "type": "Transitive",
        "resolved": "3.0.3",
        "contentHash": "cvP/w0kyT9TmrDPMY2ZHJBWx+gRH0jHKaJPkzN47UBpLLC4KbqVU5AoCMK47+ZChlINhqJX2WTflbLe5KufD/A==",
        "dependencies": {
          "Microsoft.Extensions.DependencyInjection.Abstractions": "3.0.3",
          "Microsoft.Extensions.Primitives": "3.0.3"
        }
      },
      "Microsoft.Extensions.Primitives": {
        "type": "Transitive",
        "resolved": "3.0.3",
        "contentHash": "eJuAFVIH9zUZ7j7tCSbJD+tS0dueENIerwoGxFL8RYqCmbEqQ7wVOG+mt2mZAbEpnMPsGl1Fc/HIhWpB9ftwhg=="
      },
      "System.Diagnostics.DiagnosticSource": {
        "type": "Transitive",
        "resolved": "4.5.1",
        "contentHash": "zCno/m44ymWhgLFh7tELDG9587q0l/EynPM0m4KgLaWQbz/TEKvNRX2YT5ip2qXW/uayifQ2ZqbnErsKJ4lYrQ=="
      },
      "System.Memory": {
        "type": "Transitive",
        "resolved": "4.5.3",
        "contentHash": "3oDzvc/zzetpTKWMShs1AADwZjQ/36HnsufHRPcOjyRAAMLDlu2iD33MBI2opxnezcVUtXyqDXXjoFMOU9c7SA=="
      },
      "System.Runtime.CompilerServices.Unsafe": {
        "type": "Transitive",
        "resolved": "6.0.0",
        "contentHash": "/iUeP3tq1S0XdNNoMz5C9twLSrM/TH+qElHkXWaPvuNOt+99G75NrV0OS2EqHx5wMN7popYjpc8oTjC1y16DLg=="
      },
      "System.Text.Encodings.Web": {
        "type": "Transitive",
        "resolved": "6.0.0",
        "contentHash": "Vg8eB5Tawm1IFqj4TVK1czJX89rhFxJo9ELqc/Eiq0eXy13RK00eubyU6TJE6y+GQXjyV5gSfiewDUZjQgSE0w==",
        "dependencies": {
          "System.Runtime.CompilerServices.Unsafe": "6.0.0"
        }
      }
    },
    ".NETCoreApp,Version=v5.0": {
      "Grpc.AspNetCore": {
        "type": "Direct",
        "requested": "[2.48.0, )",
        "resolved": "2.48.0",
        "contentHash": "vNfXJbHxmN8QyRIrfTZ+aItcnopFuU1nIyssYi7o2ncyELKouT649z4SmXtPZtbr6mB3f041Cj8uZT+qCplaUQ==",
        "dependencies": {
          "Google.Protobuf": "3.19.4",
          "Grpc.AspNetCore.Server.ClientFactory": "2.48.0",
          "Grpc.Tools": "2.48.0"
        }
      },
      "System.Text.Json": {
        "type": "Direct",
        "requested": "[6.0.6, )",
        "resolved": "6.0.6",
        "contentHash": "GZ+62pLOr544jwSvyXv5ezSfzlFBTjLuPhgOS2dnKuknAA8dPNUGXLKTHf9XdsudU9JpbtweXnE4oEiKEB2T1Q==",
        "dependencies": {
          "System.Runtime.CompilerServices.Unsafe": "6.0.0",
          "System.Text.Encodings.Web": "6.0.0"
        }
      },
      "Google.Protobuf": {
        "type": "Transitive",
        "resolved": "3.19.4",
        "contentHash": "fd07/ykL4O4FhqrZIELm5lmiyOHfdPg9+o+hWr6tcfRdS7tHXnImg/2wtogLzlW2eEmr0J7j6ZrZvaWOLiJbxQ=="
      },
      "Grpc.AspNetCore.Server": {
        "type": "Transitive",
        "resolved": "2.48.0",
        "contentHash": "7GaNW8YnE5t+BpU75PsHgAJuy5Fp5ZMvLDSBdjUR4zUi27FwnVxiOhACyayprdCNNOwitbxUIc3iB5A7yn/QvQ==",
        "dependencies": {
          "Grpc.Net.Common": "2.48.0"
        }
      },
      "Grpc.AspNetCore.Server.ClientFactory": {
        "type": "Transitive",
        "resolved": "2.48.0",
        "contentHash": "4EokjYJnLqaNUxhtTD2khodU6VuSmA35BkF2IyL7T7Q1JJJLCGTN0q5ycrB1+oRYkYvniZms++/vuEDxC3dk6g==",
        "dependencies": {
          "Grpc.AspNetCore.Server": "2.48.0",
          "Grpc.Net.ClientFactory": "2.48.0"
        }
      },
      "Grpc.Core.Api": {
        "type": "Transitive",
        "resolved": "2.48.0",
        "contentHash": "Kc9DrAVO3ao5jzI2IsItCZthJ1WCyvH8KE8N1cLRojmLvdCdOMT9R1doN47GuWPJQ1hH+dDPrxemB8Nv6Szn+w==",
        "dependencies": {
          "System.Memory": "4.5.3"
        }
      },
      "Grpc.Net.Client": {
        "type": "Transitive",
        "resolved": "2.48.0",
        "contentHash": "4QRComAnIYGGuqp05tw31g6LaKOJGkJ+bWzGVMEWKeFioj94TtgwCr7no4eRq9C+1sof+q9n9t5x57tvhkhE4g==",
        "dependencies": {
          "Grpc.Net.Common": "2.48.0",
          "Microsoft.Extensions.Logging.Abstractions": "3.0.3"
        }
      },
      "Grpc.Net.ClientFactory": {
        "type": "Transitive",
        "resolved": "2.48.0",
        "contentHash": "BBQ9V0m50LWLCR+kdPhVSxWhv6pTQs/CjrXj8+BygGcqdDHs+BwCKsYb+ArfC2/26475+XldNyx5WbrjJvDOdg==",
        "dependencies": {
          "Grpc.Net.Client": "2.48.0",
          "Microsoft.Extensions.Http": "3.0.3"
        }
      },
      "Grpc.Net.Common": {
        "type": "Transitive",
        "resolved": "2.48.0",
        "contentHash": "ju/jD0VR+cYdByLdaDc7toqAJxGzM0ba2rpQTbBrlHT+sRpCZAXUURZAlSszGAR7GLDXh4jm5n/KB6amT/xkVg==",
        "dependencies": {
          "Grpc.Core.Api": "2.48.0"
        }
      },
      "Grpc.Tools": {
        "type": "Transitive",
        "resolved": "2.48.0",
        "contentHash": "53PFxisWVWweF/LNK/8T9NHQhCzHi9yjcYqk8vf/Mt7He+P8dVgaES6XeATW5WWWsIVNBaBZxxavRRMvjrLalQ=="
      },
      "Microsoft.Extensions.Configuration": {
        "type": "Transitive",
        "resolved": "3.0.3",
        "contentHash": "0F/MLd7yOSjhswQSFO6tkTREHxBffE/AS9gnvtx1jVFaKNdJPEj+2KOdREmYZ4Orpvf4nwXGwbRpX5SLlwIPEw==",
        "dependencies": {
          "Microsoft.Extensions.Configuration.Abstractions": "3.0.3"
        }
      },
      "Microsoft.Extensions.Configuration.Abstractions": {
        "type": "Transitive",
        "resolved": "3.0.3",
        "contentHash": "ND+ka7njp3HgVJCVn0YgpuxbFWBOCkcQaK+UBGJNseDhjz6I/qpXmCqLK+nXSzxU7cdscFWnUJS6wjEEEkMvSQ==",
        "dependencies": {
          "Microsoft.Extensions.Primitives": "3.0.3"
        }
      },
      "Microsoft.Extensions.Configuration.Binder": {
        "type": "Transitive",
        "resolved": "3.0.3",
        "contentHash": "hRmuReZgWqWqko4RXaGd/DP9L7380+HafHgbR5CMc7AZYmoLpUmeV8O8sgZqJONCbzg1q0Sz8U8Gy99eETpGPA==",
        "dependencies": {
          "Microsoft.Extensions.Configuration": "3.0.3"
        }
      },
      "Microsoft.Extensions.DependencyInjection": {
        "type": "Transitive",
        "resolved": "3.0.3",
        "contentHash": "Vu59TuHl3zoRI8vwK6gQL2EbWI2Qf/uBHFkSJXb4pgNvW7g8yK6Gn3v1bXDIKbMKEneTApriHfCVde0O314K+g==",
        "dependencies": {
          "Microsoft.Extensions.DependencyInjection.Abstractions": "3.0.3"
        }
      },
      "Microsoft.Extensions.DependencyInjection.Abstractions": {
        "type": "Transitive",
        "resolved": "3.0.3",
        "contentHash": "Wb1ejBzHhCvp7VMr+M7vlHoXb68mJ89IHj4L+TzL8yA+X7Iz2UTAEkl8aIbhRloroYJw5zvlIPtKF5uA4wFlxw=="
      },
      "Microsoft.Extensions.Http": {
        "type": "Transitive",
        "resolved": "3.0.3",
        "contentHash": "dcyB8szIcSynjVZRuFgqkZpPgTc5zeRSj1HMXSmNqWbHYKiPYJl8ZQgBHz6wmZNSUUNGpCs5uxUg8DZHHDC1Ew==",
        "dependencies": {
          "Microsoft.Extensions.DependencyInjection.Abstractions": "3.0.3",
          "Microsoft.Extensions.Logging": "3.0.3",
          "Microsoft.Extensions.Options": "3.0.3"
        }
      },
      "Microsoft.Extensions.Logging": {
        "type": "Transitive",
        "resolved": "3.0.3",
        "contentHash": "uAZppu6kWIgS+VtVjqmhh+k3bMztwWQR5HYxI++Cn5Kz5m099g0KJ+krUrckaZP9NqIplQu63tPR5YpNWnjLuw==",
        "dependencies": {
          "Microsoft.Extensions.Configuration.Binder": "3.0.3",
          "Microsoft.Extensions.DependencyInjection": "3.0.3",
          "Microsoft.Extensions.Logging.Abstractions": "3.0.3",
          "Microsoft.Extensions.Options": "3.0.3"
        }
      },
      "Microsoft.Extensions.Logging.Abstractions": {
        "type": "Transitive",
        "resolved": "3.0.3",
        "contentHash": "m2Jyi/MEn043WMI1I6J1ALuCThktZ93rd7eqzYeLmMcA0bdZC+TBVl0LuEbEWM01dWeeBjOoagjNwQTzOi2r6A=="
      },
      "Microsoft.Extensions.Options": {
        "type": "Transitive",
        "resolved": "3.0.3",
        "contentHash": "cvP/w0kyT9TmrDPMY2ZHJBWx+gRH0jHKaJPkzN47UBpLLC4KbqVU5AoCMK47+ZChlINhqJX2WTflbLe5KufD/A==",
        "dependencies": {
          "Microsoft.Extensions.DependencyInjection.Abstractions": "3.0.3",
          "Microsoft.Extensions.Primitives": "3.0.3"
        }
      },
      "Microsoft.Extensions.Primitives": {
        "type": "Transitive",
        "resolved": "3.0.3",
        "contentHash": "eJuAFVIH9zUZ7j7tCSbJD+tS0dueENIerwoGxFL8RYqCmbEqQ7wVOG+mt2mZAbEpnMPsGl1Fc/HIhWpB9ftwhg=="
      },
      "System.Memory": {
        "type": "Transitive",
        "resolved": "4.5.3",
        "contentHash": "3oDzvc/zzetpTKWMShs1AADwZjQ/36HnsufHRPcOjyRAAMLDlu2iD33MBI2opxnezcVUtXyqDXXjoFMOU9c7SA=="
      },
      "System.Runtime.CompilerServices.Unsafe": {
        "type": "Transitive",
        "resolved": "6.0.0",
        "contentHash": "/iUeP3tq1S0XdNNoMz5C9twLSrM/TH+qElHkXWaPvuNOt+99G75NrV0OS2EqHx5wMN7popYjpc8oTjC1y16DLg=="
      },
      "System.Text.Encodings.Web": {
        "type": "Transitive",
        "resolved": "6.0.0",
        "contentHash": "Vg8eB5Tawm1IFqj4TVK1czJX89rhFxJo9ELqc/Eiq0eXy13RK00eubyU6TJE6y+GQXjyV5gSfiewDUZjQgSE0w==",
        "dependencies": {
          "System.Runtime.CompilerServices.Unsafe": "6.0.0"
        }
      }
    },
    "net6.0": {
      "Grpc.AspNetCore": {
        "type": "Direct",
        "requested": "[2.48.0, )",
        "resolved": "2.48.0",
        "contentHash": "vNfXJbHxmN8QyRIrfTZ+aItcnopFuU1nIyssYi7o2ncyELKouT649z4SmXtPZtbr6mB3f041Cj8uZT+qCplaUQ==",
        "dependencies": {
          "Google.Protobuf": "3.19.4",
          "Grpc.AspNetCore.Server.ClientFactory": "2.48.0",
          "Grpc.Tools": "2.48.0"
        }
      },
      "System.Text.Json": {
        "type": "Direct",
        "requested": "[6.0.6, )",
        "resolved": "6.0.6",
        "contentHash": "GZ+62pLOr544jwSvyXv5ezSfzlFBTjLuPhgOS2dnKuknAA8dPNUGXLKTHf9XdsudU9JpbtweXnE4oEiKEB2T1Q==",
        "dependencies": {
          "System.Runtime.CompilerServices.Unsafe": "6.0.0",
          "System.Text.Encodings.Web": "6.0.0"
        }
      },
      "Google.Protobuf": {
        "type": "Transitive",
        "resolved": "3.19.4",
        "contentHash": "fd07/ykL4O4FhqrZIELm5lmiyOHfdPg9+o+hWr6tcfRdS7tHXnImg/2wtogLzlW2eEmr0J7j6ZrZvaWOLiJbxQ=="
      },
      "Grpc.AspNetCore.Server": {
        "type": "Transitive",
        "resolved": "2.48.0",
        "contentHash": "7GaNW8YnE5t+BpU75PsHgAJuy5Fp5ZMvLDSBdjUR4zUi27FwnVxiOhACyayprdCNNOwitbxUIc3iB5A7yn/QvQ==",
        "dependencies": {
          "Grpc.Net.Common": "2.48.0"
        }
      },
      "Grpc.AspNetCore.Server.ClientFactory": {
        "type": "Transitive",
        "resolved": "2.48.0",
        "contentHash": "4EokjYJnLqaNUxhtTD2khodU6VuSmA35BkF2IyL7T7Q1JJJLCGTN0q5ycrB1+oRYkYvniZms++/vuEDxC3dk6g==",
        "dependencies": {
          "Grpc.AspNetCore.Server": "2.48.0",
          "Grpc.Net.ClientFactory": "2.48.0"
        }
      },
      "Grpc.Core.Api": {
        "type": "Transitive",
        "resolved": "2.48.0",
        "contentHash": "Kc9DrAVO3ao5jzI2IsItCZthJ1WCyvH8KE8N1cLRojmLvdCdOMT9R1doN47GuWPJQ1hH+dDPrxemB8Nv6Szn+w==",
        "dependencies": {
          "System.Memory": "4.5.3"
        }
      },
      "Grpc.Net.Client": {
        "type": "Transitive",
        "resolved": "2.48.0",
        "contentHash": "4QRComAnIYGGuqp05tw31g6LaKOJGkJ+bWzGVMEWKeFioj94TtgwCr7no4eRq9C+1sof+q9n9t5x57tvhkhE4g==",
        "dependencies": {
          "Grpc.Net.Common": "2.48.0",
          "Microsoft.Extensions.Logging.Abstractions": "3.0.3"
        }
      },
      "Grpc.Net.ClientFactory": {
        "type": "Transitive",
        "resolved": "2.48.0",
        "contentHash": "BBQ9V0m50LWLCR+kdPhVSxWhv6pTQs/CjrXj8+BygGcqdDHs+BwCKsYb+ArfC2/26475+XldNyx5WbrjJvDOdg==",
        "dependencies": {
          "Grpc.Net.Client": "2.48.0",
          "Microsoft.Extensions.Http": "3.0.3"
        }
      },
      "Grpc.Net.Common": {
        "type": "Transitive",
        "resolved": "2.48.0",
        "contentHash": "ju/jD0VR+cYdByLdaDc7toqAJxGzM0ba2rpQTbBrlHT+sRpCZAXUURZAlSszGAR7GLDXh4jm5n/KB6amT/xkVg==",
        "dependencies": {
          "Grpc.Core.Api": "2.48.0"
        }
      },
      "Grpc.Tools": {
        "type": "Transitive",
        "resolved": "2.48.0",
        "contentHash": "53PFxisWVWweF/LNK/8T9NHQhCzHi9yjcYqk8vf/Mt7He+P8dVgaES6XeATW5WWWsIVNBaBZxxavRRMvjrLalQ=="
      },
      "Microsoft.Extensions.Configuration": {
        "type": "Transitive",
        "resolved": "3.0.3",
        "contentHash": "0F/MLd7yOSjhswQSFO6tkTREHxBffE/AS9gnvtx1jVFaKNdJPEj+2KOdREmYZ4Orpvf4nwXGwbRpX5SLlwIPEw==",
        "dependencies": {
          "Microsoft.Extensions.Configuration.Abstractions": "3.0.3"
        }
      },
      "Microsoft.Extensions.Configuration.Abstractions": {
        "type": "Transitive",
        "resolved": "3.0.3",
        "contentHash": "ND+ka7njp3HgVJCVn0YgpuxbFWBOCkcQaK+UBGJNseDhjz6I/qpXmCqLK+nXSzxU7cdscFWnUJS6wjEEEkMvSQ==",
        "dependencies": {
          "Microsoft.Extensions.Primitives": "3.0.3"
        }
      },
      "Microsoft.Extensions.Configuration.Binder": {
        "type": "Transitive",
        "resolved": "3.0.3",
        "contentHash": "hRmuReZgWqWqko4RXaGd/DP9L7380+HafHgbR5CMc7AZYmoLpUmeV8O8sgZqJONCbzg1q0Sz8U8Gy99eETpGPA==",
        "dependencies": {
          "Microsoft.Extensions.Configuration": "3.0.3"
        }
      },
      "Microsoft.Extensions.DependencyInjection": {
        "type": "Transitive",
        "resolved": "3.0.3",
        "contentHash": "Vu59TuHl3zoRI8vwK6gQL2EbWI2Qf/uBHFkSJXb4pgNvW7g8yK6Gn3v1bXDIKbMKEneTApriHfCVde0O314K+g==",
        "dependencies": {
          "Microsoft.Extensions.DependencyInjection.Abstractions": "3.0.3"
        }
      },
      "Microsoft.Extensions.DependencyInjection.Abstractions": {
        "type": "Transitive",
        "resolved": "3.0.3",
        "contentHash": "Wb1ejBzHhCvp7VMr+M7vlHoXb68mJ89IHj4L+TzL8yA+X7Iz2UTAEkl8aIbhRloroYJw5zvlIPtKF5uA4wFlxw=="
      },
      "Microsoft.Extensions.Http": {
        "type": "Transitive",
        "resolved": "3.0.3",
        "contentHash": "dcyB8szIcSynjVZRuFgqkZpPgTc5zeRSj1HMXSmNqWbHYKiPYJl8ZQgBHz6wmZNSUUNGpCs5uxUg8DZHHDC1Ew==",
        "dependencies": {
          "Microsoft.Extensions.DependencyInjection.Abstractions": "3.0.3",
          "Microsoft.Extensions.Logging": "3.0.3",
          "Microsoft.Extensions.Options": "3.0.3"
        }
      },
      "Microsoft.Extensions.Logging": {
        "type": "Transitive",
        "resolved": "3.0.3",
        "contentHash": "uAZppu6kWIgS+VtVjqmhh+k3bMztwWQR5HYxI++Cn5Kz5m099g0KJ+krUrckaZP9NqIplQu63tPR5YpNWnjLuw==",
        "dependencies": {
          "Microsoft.Extensions.Configuration.Binder": "3.0.3",
          "Microsoft.Extensions.DependencyInjection": "3.0.3",
          "Microsoft.Extensions.Logging.Abstractions": "3.0.3",
          "Microsoft.Extensions.Options": "3.0.3"
        }
      },
      "Microsoft.Extensions.Logging.Abstractions": {
        "type": "Transitive",
        "resolved": "3.0.3",
        "contentHash": "m2Jyi/MEn043WMI1I6J1ALuCThktZ93rd7eqzYeLmMcA0bdZC+TBVl0LuEbEWM01dWeeBjOoagjNwQTzOi2r6A=="
      },
      "Microsoft.Extensions.Options": {
        "type": "Transitive",
        "resolved": "3.0.3",
        "contentHash": "cvP/w0kyT9TmrDPMY2ZHJBWx+gRH0jHKaJPkzN47UBpLLC4KbqVU5AoCMK47+ZChlINhqJX2WTflbLe5KufD/A==",
        "dependencies": {
          "Microsoft.Extensions.DependencyInjection.Abstractions": "3.0.3",
          "Microsoft.Extensions.Primitives": "3.0.3"
        }
      },
      "Microsoft.Extensions.Primitives": {
        "type": "Transitive",
        "resolved": "3.0.3",
        "contentHash": "eJuAFVIH9zUZ7j7tCSbJD+tS0dueENIerwoGxFL8RYqCmbEqQ7wVOG+mt2mZAbEpnMPsGl1Fc/HIhWpB9ftwhg=="
      },
      "System.Memory": {
        "type": "Transitive",
        "resolved": "4.5.3",
        "contentHash": "3oDzvc/zzetpTKWMShs1AADwZjQ/36HnsufHRPcOjyRAAMLDlu2iD33MBI2opxnezcVUtXyqDXXjoFMOU9c7SA=="
      },
      "System.Runtime.CompilerServices.Unsafe": {
        "type": "Transitive",
        "resolved": "6.0.0",
        "contentHash": "/iUeP3tq1S0XdNNoMz5C9twLSrM/TH+qElHkXWaPvuNOt+99G75NrV0OS2EqHx5wMN7popYjpc8oTjC1y16DLg=="
      },
      "System.Text.Encodings.Web": {
        "type": "Transitive",
        "resolved": "6.0.0",
        "contentHash": "Vg8eB5Tawm1IFqj4TVK1czJX89rhFxJo9ELqc/Eiq0eXy13RK00eubyU6TJE6y+GQXjyV5gSfiewDUZjQgSE0w==",
        "dependencies": {
          "System.Runtime.CompilerServices.Unsafe": "6.0.0"
        }
      }
    }
  }
}