
Microsoft Visual Studio Solution File, Format Version 12.00
# Visual Studio Version 17
VisualStudioVersion = 17.0.31612.314
MinimumVisualStudioVersion = 10.0.40219.1
Project("{9A19103F-16F7-4668-BE54-9A1E7A4F7556}") = "Library", "Library\Library.csproj", "{D048A77C-6065-4F25-93E6-25D743BBC938}"
EndProject
Project("{9A19103F-16F7-4668-BE54-9A1E7A4F7556}") = "Tests", "Tests\Tests.csproj", "{81950E80-E115-46B2-B44C-73BADF0911B0}"
EndProject
Project("{9A19103F-16F7-4668-BE54-9A1E7A4F7556}") = "Tests.TestServer1", "Tests.TestServer1\Tests.TestServer1.csproj", "{0EEC9CA5-F23A-4977-91B2-C85810365D3A}"
EndProject
Project("{9A19103F-16F7-4668-BE54-9A1E7A4F7556}") = "Tests.TestServer2", "Tests.TestServer2\Tests.TestServer2.csproj", "{78AA823E-B688-4350-B1DE-8BB5A33100BC}"
EndProject
Project("{9A19103F-16F7-4668-BE54-9A1E7A4F7556}") = "Tests.Utilities", "Tests.Utilities\Tests.Utilities.csproj", "{D4DD76CF-42E9-4847-B12C-582F4CEE0A7E}"
EndProject
Global
	GlobalSection(SolutionConfigurationPlatforms) = preSolution
		Debug|Any CPU = Debug|Any CPU
		Release|Any CPU = Release|Any CPU
	EndGlobalSection
	GlobalSection(ProjectConfigurationPlatforms) = postSolution
		{D048A77C-6065-4F25-93E6-25D743BBC938}.Debug|Any CPU.ActiveCfg = Debug|Any CPU
		{D048A77C-6065-4F25-93E6-25D743BBC938}.Debug|Any CPU.Build.0 = Debug|Any CPU
		{D048A77C-6065-4F25-93E6-25D743BBC938}.Release|Any CPU.ActiveCfg = Release|Any CPU
		{D048A77C-6065-4F25-93E6-25D743BBC938}.Release|Any CPU.Build.0 = Release|Any CPU
		{81950E80-E115-46B2-B44C-73BADF0911B0}.Debug|Any CPU.ActiveCfg = Debug|Any CPU
		{81950E80-E115-46B2-B44C-73BADF0911B0}.Debug|Any CPU.Build.0 = Debug|Any CPU
		{81950E80-E115-46B2-B44C-73BADF0911B0}.Release|Any CPU.ActiveCfg = Release|Any CPU
		{81950E80-E115-46B2-B44C-73BADF0911B0}.Release|Any CPU.Build.0 = Release|Any CPU
		{0EEC9CA5-F23A-4977-91B2-C85810365D3A}.Debug|Any CPU.ActiveCfg = Debug|Any CPU
		{0EEC9CA5-F23A-4977-91B2-C85810365D3A}.Debug|Any CPU.Build.0 = Debug|Any CPU
		{0EEC9CA5-F23A-4977-91B2-C85810365D3A}.Release|Any CPU.ActiveCfg = Release|Any CPU
		{0EEC9CA5-F23A-4977-91B2-C85810365D3A}.Release|Any CPU.Build.0 = Release|Any CPU
		{78AA823E-B688-4350-B1DE-8BB5A33100BC}.Debug|Any CPU.ActiveCfg = Debug|Any CPU
		{78AA823E-B688-4350-B1DE-8BB5A33100BC}.Debug|Any CPU.Build.0 = Debug|Any CPU
		{78AA823E-B688-4350-B1DE-8BB5A33100BC}.Release|Any CPU.ActiveCfg = Release|Any CPU
		{78AA823E-B688-4350-B1DE-8BB5A33100BC}.Release|Any CPU.Build.0 = Release|Any CPU
		{D4DD76CF-42E9-4847-B12C-582F4CEE0A7E}.Debug|Any CPU.ActiveCfg = Debug|Any CPU
		{D4DD76CF-42E9-4847-B12C-582F4CEE0A7E}.Debug|Any CPU.Build.0 = Debug|Any CPU
		{D4DD76CF-42E9-4847-B12C-582F4CEE0A7E}.Release|Any CPU.ActiveCfg = Release|Any CPU
		{D4DD76CF-42E9-4847-B12C-582F4CEE0A7E}.Release|Any CPU.Build.0 = Release|Any CPU
	EndGlobalSection
	GlobalSection(SolutionProperties) = preSolution
		HideSolutionNode = FALSE
	EndGlobalSection
	GlobalSection(NestedProjects) = preSolution
	EndGlobalSection
	GlobalSection(ExtensibilityGlobals) = postSolution
		SolutionGuid = {CF0A3E4C-530F-441F-A53F-4DA183CDBB84}
	EndGlobalSection
EndGlobal
