{
  "version": 1,
  "dependencies": {
    ".NETCoreApp,Version=v3.1": {
      "Grpc.AspNetCore": {
        "type": "Direct",
        "requested": "[2.41.0, )",
        "resolved": "2.41.0",
        "contentHash": "JMwlIpaI6QnuO/LaHu40Oiq1ssIJTi4Q9z+MsKDeL8rqp9HFBzhepYnoWxXZZiahgLaC2kVDlcxbYuzucImBgQ==",
        "dependencies": {
          "Google.Protobuf": "3.18.0",
          "Grpc.AspNetCore.Server.ClientFactory": "2.41.0",
          "Grpc.Tools": "2.41.0"
        }
      },
      "Google.Protobuf": {
        "type": "Transitive",
        "resolved": "3.18.0",
        "contentHash": "Jm6+nppUm9LD+XVsLFkf1YyVlAKsG5gq+Hc/Rn3Zi2pDObBI6PCH/eHBFUJdARl40DpczEdHlV3+WTPOGIXetg==",
        "dependencies": {
          "System.Memory": "4.5.3",
          "System.Runtime.CompilerServices.Unsafe": "4.5.2"
        }
      },
      "Grpc.AspNetCore.Server": {
        "type": "Transitive",
        "resolved": "2.41.0",
        "contentHash": "Snbmre+4zd7w5SKmaAq49G6l3eXpKwn6d//ph2klloVEradOvvMd1q2bYybG4Ryr6YU6bN2zJRpUQjKZy1JZug==",
        "dependencies": {
          "Grpc.Net.Common": "2.41.0"
        }
      },
      "Grpc.AspNetCore.Server.ClientFactory": {
        "type": "Transitive",
        "resolved": "2.41.0",
        "contentHash": "no6+pmtH4PEqRyomEG0eQlPaO4hEY5bBDvEWfn6bVz1eRlE22L2+/XZay7AzIkrILsnm+GZIngEdnK8onfrJkQ==",
        "dependencies": {
          "Grpc.AspNetCore.Server": "2.41.0",
          "Grpc.Net.ClientFactory": "2.41.0"
        }
      },
      "Grpc.Core.Api": {
        "type": "Transitive",
        "resolved": "2.41.0",
        "contentHash": "bQ/mLaeACJ16hINQzKZA0ge648acF0OUiHd8JMdvpywJ41UFilDOd+t3yDG0M2XxgbB98z8EUf0HnprHLOO0qg==",
        "dependencies": {
          "System.Memory": "4.5.3"
        }
      },
      "Grpc.Net.Client": {
        "type": "Transitive",
        "resolved": "2.41.0",
        "contentHash": "hKuRI7eHxIdrBtricxXuNu+vzjErt7n+zcIr47M56pnajKnzFlG4zwLiPCuxKC22cZTI5S6ef50jCrI/vQrL2w==",
        "dependencies": {
          "Grpc.Net.Common": "2.41.0",
          "Microsoft.Extensions.Logging.Abstractions": "3.0.3",
          "System.Diagnostics.DiagnosticSource": "4.5.1"
        }
      },
      "Grpc.Net.ClientFactory": {
        "type": "Transitive",
        "resolved": "2.41.0",
        "contentHash": "8uUxz9Sbpz7dudq3i2hBfmaRbLHImFcGx1Kn9CtpGtBok3WXL7FepUj0SIU4Iv95VQNYbefi41mIGxFylAO6Mg==",
        "dependencies": {
          "Grpc.Net.Client": "2.41.0",
          "Microsoft.Extensions.Http": "3.0.3"
        }
      },
      "Grpc.Net.Common": {
        "type": "Transitive",
        "resolved": "2.41.0",
        "contentHash": "Mcb6ybFRZYEqn1UVpfCADL2HSTJSK9+V2BBLyS6vebMNkmGwqa0KQ3x++kC+n28MAP4BlrR+jxW0XGNP6V9amw==",
        "dependencies": {
          "Grpc.Core.Api": "2.41.0"
        }
      },
      "Grpc.Tools": {
        "type": "Transitive",
        "resolved": "2.41.0",
        "contentHash": "u5jiyjo/ZX9O3WlrxEcM5yrnA45G+CM3ukMhDGZnaeXChqCNJEZDpayBiEAdeD4FZ/pAaGDr4rn1SpaHxLtPrw=="
      },
      "Microsoft.AspNetCore.Http": {
        "type": "Transitive",
        "resolved": "2.2.2",
        "contentHash": "BAibpoItxI5puk7YJbIGj95arZueM8B8M5xT1fXBn3hb3L2G3ucrZcYXv1gXdaroLbntUs8qeV8iuBrpjQsrKw==",
        "dependencies": {
          "Microsoft.AspNetCore.Http.Abstractions": "2.2.0",
          "Microsoft.AspNetCore.WebUtilities": "2.2.0",
          "Microsoft.Extensions.ObjectPool": "2.2.0",
          "Microsoft.Extensions.Options": "2.2.0",
          "Microsoft.Net.Http.Headers": "2.2.0"
        }
      },
      "Microsoft.AspNetCore.Http.Abstractions": {
        "type": "Transitive",
        "resolved": "2.2.0",
        "contentHash": "Nxs7Z1q3f1STfLYKJSVXCs1iBl+Ya6E8o4Oy1bCxJ/rNI44E/0f6tbsrVqAWfB7jlnJfyaAtIalBVxPKUPQb4Q==",
        "dependencies": {
          "Microsoft.AspNetCore.Http.Features": "2.2.0",
          "System.Text.Encodings.Web": "4.5.0"
        }
      },
      "Microsoft.AspNetCore.Http.Features": {
        "type": "Transitive",
        "resolved": "2.2.0",
        "contentHash": "ziFz5zH8f33En4dX81LW84I6XrYXKf9jg6aM39cM+LffN9KJahViKZ61dGMSO2gd3e+qe5yBRwsesvyqlZaSMg==",
        "dependencies": {
          "Microsoft.Extensions.Primitives": "2.2.0"
        }
      },
      "Microsoft.AspNetCore.WebUtilities": {
        "type": "Transitive",
        "resolved": "2.2.0",
        "contentHash": "9ErxAAKaDzxXASB/b5uLEkLgUWv1QbeVxyJYEHQwMaxXOeFFVkQxiq8RyfVcifLU7NR0QY0p3acqx4ZpYfhHDg==",
        "dependencies": {
          "Microsoft.Net.Http.Headers": "2.2.0",
          "System.Text.Encodings.Web": "4.5.0"
        }
      },
      "Microsoft.Extensions.Configuration": {
        "type": "Transitive",
        "resolved": "3.1.22",
        "contentHash": "pk9tfTk3NCFdKqdWIWeoGAy/wiqVk38hA9Gso3c3deRLWqu4/5Jipp0X+fzgAXlELTN9AIxkkhRePTDFjBpQfQ==",
        "dependencies": {
          "Microsoft.Extensions.Configuration.Abstractions": "3.1.22"
        }
      },
      "Microsoft.Extensions.Configuration.Abstractions": {
        "type": "Transitive",
        "resolved": "3.1.22",
        "contentHash": "znkB/7CpLNzFPFrZP0dK5dLwLt/GgrDBdBCaTQvVAPAJdA96DkhizknBC5+vn0Le8JNOoGt4QlG7WMywswkA0w==",
        "dependencies": {
          "Microsoft.Extensions.Primitives": "3.1.22"
        }
      },
      "Microsoft.Extensions.Configuration.Binder": {
        "type": "Transitive",
        "resolved": "3.1.22",
        "contentHash": "H1iZD70uzCqsX79Eza/a/Z+CkAhqGUPH7LNRCz3GJLyeFiJMTUU7rMPNUgkJ2tRxAN9f/3MTXuHpSQVikugC3g==",
        "dependencies": {
          "Microsoft.Extensions.Configuration": "3.1.22"
        }
      },
      "Microsoft.Extensions.DependencyInjection": {
        "type": "Transitive",
        "resolved": "3.1.22",
        "contentHash": "QrzfKU8te2X0ykM8XY9YzLvzTGO8qOMq45/Y2sy5gZryQqYe9CxEr0ulwG0idpL+ByK7luX7djmtT8Nv1mMaZw==",
        "dependencies": {
          "Microsoft.Extensions.DependencyInjection.Abstractions": "3.1.22"
        }
      },
      "Microsoft.Extensions.DependencyInjection.Abstractions": {
        "type": "Transitive",
        "resolved": "3.1.22",
        "contentHash": "+zBl4NrqANk4JalElpCZ3P2rQ33A3ldRCF1K7RikOuNzEWG5B2M5C+Izas7q5Ub6bFMzAvCJh5E+BtT/gTUD6Q=="
      },
      "Microsoft.Extensions.Http": {
        "type": "Transitive",
        "resolved": "3.1.22",
        "contentHash": "Hxh0BquL7TIQlsDLYf6L0MtsZ8zAVFHq+IeXVZY/n5lotWviFW0K7Da3womti90od1qqWqp3+XOg1/0haje/lQ==",
        "dependencies": {
          "Microsoft.Extensions.DependencyInjection.Abstractions": "3.1.22",
          "Microsoft.Extensions.Logging": "3.1.22",
          "Microsoft.Extensions.Options": "3.1.22"
        }
      },
      "Microsoft.Extensions.Logging": {
        "type": "Transitive",
        "resolved": "3.1.22",
        "contentHash": "XgHXT5JWsfv9xg0pM/UTgtRhfcv05SieQLMHImVOGNFK6jutVmNYOilKYL9oFlmk8bSeyifYTVacigJ3FgFB3A==",
        "dependencies": {
          "Microsoft.Extensions.Configuration.Binder": "3.1.22",
          "Microsoft.Extensions.DependencyInjection": "3.1.22",
          "Microsoft.Extensions.Logging.Abstractions": "3.1.22",
          "Microsoft.Extensions.Options": "3.1.22"
        }
      },
      "Microsoft.Extensions.Logging.Abstractions": {
        "type": "Transitive",
        "resolved": "3.1.22",
        "contentHash": "UktrmDqTw2wTXgPRm2dVC1I8NtlToRNf8c8Fs40upUT8g4GeCqYZFUJm2oQhS7NH+f+TWz9ePaLe06avRqVGZg=="
      },
      "Microsoft.Extensions.ObjectPool": {
        "type": "Transitive",
        "resolved": "2.2.0",
        "contentHash": "gA8H7uQOnM5gb+L0uTNjViHYr+hRDqCdfugheGo/MxQnuHzmhhzCBTIPm19qL1z1Xe0NEMabfcOBGv9QghlZ8g=="
      },
      "Microsoft.Extensions.Options": {
        "type": "Transitive",
        "resolved": "3.1.22",
        "contentHash": "Cw2mcbraGpo6DantBYHyKmKp97jETED3Omivn15QKnbGfKBs4twHscBo99i/YTNmUEOpusPCeH+vDQXZuvAz5Q==",
        "dependencies": {
          "Microsoft.Extensions.DependencyInjection.Abstractions": "3.1.22",
          "Microsoft.Extensions.Primitives": "3.1.22"
        }
      },
      "Microsoft.Extensions.Primitives": {
        "type": "Transitive",
        "resolved": "3.1.22",
        "contentHash": "B5CNTMTdzVj/xMpazYcczFk3aUg/qduSfKAfUCH0gJ54NETETHaJBPy2GV6VlIeIw4UZqzXV3DroUkuHP561zg=="
      },
      "Microsoft.Net.Http.Headers": {
        "type": "Transitive",
        "resolved": "2.2.0",
        "contentHash": "iZNkjYqlo8sIOI0bQfpsSoMTmB/kyvmV2h225ihyZT33aTp48ZpF6qYnXxzSXmHt8DpBAwBTX+1s1UFLbYfZKg==",
        "dependencies": {
          "Microsoft.Extensions.Primitives": "2.2.0",
          "System.Buffers": "4.5.0"
        }
      },
      "System.Buffers": {
        "type": "Transitive",
        "resolved": "4.5.0",
        "contentHash": "pL2ChpaRRWI/p4LXyy4RgeWlYF2sgfj/pnVMvBqwNFr5cXg7CXNnWZWxrOONLg8VGdFB8oB+EG2Qw4MLgTOe+A=="
      },
      "System.Diagnostics.DiagnosticSource": {
        "type": "Transitive",
        "resolved": "4.5.1",
        "contentHash": "zCno/m44ymWhgLFh7tELDG9587q0l/EynPM0m4KgLaWQbz/TEKvNRX2YT5ip2qXW/uayifQ2ZqbnErsKJ4lYrQ=="
      },
      "System.Memory": {
        "type": "Transitive",
        "resolved": "4.5.3",
        "contentHash": "3oDzvc/zzetpTKWMShs1AADwZjQ/36HnsufHRPcOjyRAAMLDlu2iD33MBI2opxnezcVUtXyqDXXjoFMOU9c7SA=="
      },
      "System.Runtime.CompilerServices.Unsafe": {
        "type": "Transitive",
        "resolved": "6.0.0",
        "contentHash": "/iUeP3tq1S0XdNNoMz5C9twLSrM/TH+qElHkXWaPvuNOt+99G75NrV0OS2EqHx5wMN7popYjpc8oTjC1y16DLg=="
      },
      "System.Text.Encodings.Web": {
        "type": "Transitive",
        "resolved": "6.0.0",
        "contentHash": "Vg8eB5Tawm1IFqj4TVK1czJX89rhFxJo9ELqc/Eiq0eXy13RK00eubyU6TJE6y+GQXjyV5gSfiewDUZjQgSE0w==",
        "dependencies": {
          "System.Runtime.CompilerServices.Unsafe": "6.0.0"
        }
      },
      "System.Text.Json": {
        "type": "Transitive",
        "resolved": "6.0.1",
        "contentHash": "X3cTdM+jna1YyfTUzToW7aVgINFv7R1W4+1+3hua/YCyLjApPoR8fd+2Cep9DbfYjbv+rBx4K6dlmAWEJr9AHg==",
        "dependencies": {
          "System.Runtime.CompilerServices.Unsafe": "6.0.0",
          "System.Text.Encodings.Web": "6.0.0"
        }
      },
      "Haland.DotNetTrace": {
        "type": "Project",
        "dependencies": {
          "Microsoft.AspNetCore.Http": "2.2.2",
          "Microsoft.Extensions.Http": "3.1.22",
          "System.Text.Encodings.Web": "6.0.0"
        }
      },
      "tests.utilities": {
        "type": "Project",
        "dependencies": {
          "Grpc.AspNetCore": "2.41.0",
          "System.Text.Json": "6.0.1"
        }
      }
    },
    ".NETCoreApp,Version=v5.0": {
      "Grpc.AspNetCore": {
        "type": "Direct",
        "requested": "[2.41.0, )",
        "resolved": "2.41.0",
        "contentHash": "JMwlIpaI6QnuO/LaHu40Oiq1ssIJTi4Q9z+MsKDeL8rqp9HFBzhepYnoWxXZZiahgLaC2kVDlcxbYuzucImBgQ==",
        "dependencies": {
          "Google.Protobuf": "3.18.0",
          "Grpc.AspNetCore.Server.ClientFactory": "2.41.0",
          "Grpc.Tools": "2.41.0"
        }
      },
      "Google.Protobuf": {
        "type": "Transitive",
        "resolved": "3.18.0",
        "contentHash": "Jm6+nppUm9LD+XVsLFkf1YyVlAKsG5gq+Hc/Rn3Zi2pDObBI6PCH/eHBFUJdARl40DpczEdHlV3+WTPOGIXetg=="
      },
      "Grpc.AspNetCore.Server": {
        "type": "Transitive",
        "resolved": "2.41.0",
        "contentHash": "Snbmre+4zd7w5SKmaAq49G6l3eXpKwn6d//ph2klloVEradOvvMd1q2bYybG4Ryr6YU6bN2zJRpUQjKZy1JZug==",
        "dependencies": {
          "Grpc.Net.Common": "2.41.0"
        }
      },
      "Grpc.AspNetCore.Server.ClientFactory": {
        "type": "Transitive",
        "resolved": "2.41.0",
        "contentHash": "no6+pmtH4PEqRyomEG0eQlPaO4hEY5bBDvEWfn6bVz1eRlE22L2+/XZay7AzIkrILsnm+GZIngEdnK8onfrJkQ==",
        "dependencies": {
          "Grpc.AspNetCore.Server": "2.41.0",
          "Grpc.Net.ClientFactory": "2.41.0"
        }
      },
      "Grpc.Core.Api": {
        "type": "Transitive",
        "resolved": "2.41.0",
        "contentHash": "bQ/mLaeACJ16hINQzKZA0ge648acF0OUiHd8JMdvpywJ41UFilDOd+t3yDG0M2XxgbB98z8EUf0HnprHLOO0qg==",
        "dependencies": {
          "System.Memory": "4.5.3"
        }
      },
      "Grpc.Net.Client": {
        "type": "Transitive",
        "resolved": "2.41.0",
        "contentHash": "hKuRI7eHxIdrBtricxXuNu+vzjErt7n+zcIr47M56pnajKnzFlG4zwLiPCuxKC22cZTI5S6ef50jCrI/vQrL2w==",
        "dependencies": {
          "Grpc.Net.Common": "2.41.0",
          "Microsoft.Extensions.Logging.Abstractions": "3.0.3"
        }
      },
      "Grpc.Net.ClientFactory": {
        "type": "Transitive",
        "resolved": "2.41.0",
        "contentHash": "8uUxz9Sbpz7dudq3i2hBfmaRbLHImFcGx1Kn9CtpGtBok3WXL7FepUj0SIU4Iv95VQNYbefi41mIGxFylAO6Mg==",
        "dependencies": {
          "Grpc.Net.Client": "2.41.0",
          "Microsoft.Extensions.Http": "3.0.3"
        }
      },
      "Grpc.Net.Common": {
        "type": "Transitive",
        "resolved": "2.41.0",
        "contentHash": "Mcb6ybFRZYEqn1UVpfCADL2HSTJSK9+V2BBLyS6vebMNkmGwqa0KQ3x++kC+n28MAP4BlrR+jxW0XGNP6V9amw==",
        "dependencies": {
          "Grpc.Core.Api": "2.41.0"
        }
      },
      "Grpc.Tools": {
        "type": "Transitive",
        "resolved": "2.41.0",
        "contentHash": "u5jiyjo/ZX9O3WlrxEcM5yrnA45G+CM3ukMhDGZnaeXChqCNJEZDpayBiEAdeD4FZ/pAaGDr4rn1SpaHxLtPrw=="
      },
      "Microsoft.AspNetCore.Http": {
        "type": "Transitive",
        "resolved": "2.2.2",
        "contentHash": "BAibpoItxI5puk7YJbIGj95arZueM8B8M5xT1fXBn3hb3L2G3ucrZcYXv1gXdaroLbntUs8qeV8iuBrpjQsrKw==",
        "dependencies": {
          "Microsoft.AspNetCore.Http.Abstractions": "2.2.0",
          "Microsoft.AspNetCore.WebUtilities": "2.2.0",
          "Microsoft.Extensions.ObjectPool": "2.2.0",
          "Microsoft.Extensions.Options": "2.2.0",
          "Microsoft.Net.Http.Headers": "2.2.0"
        }
      },
      "Microsoft.AspNetCore.Http.Abstractions": {
        "type": "Transitive",
        "resolved": "2.2.0",
        "contentHash": "Nxs7Z1q3f1STfLYKJSVXCs1iBl+Ya6E8o4Oy1bCxJ/rNI44E/0f6tbsrVqAWfB7jlnJfyaAtIalBVxPKUPQb4Q==",
        "dependencies": {
          "Microsoft.AspNetCore.Http.Features": "2.2.0",
          "System.Text.Encodings.Web": "4.5.0"
        }
      },
      "Microsoft.AspNetCore.Http.Features": {
        "type": "Transitive",
        "resolved": "2.2.0",
        "contentHash": "ziFz5zH8f33En4dX81LW84I6XrYXKf9jg6aM39cM+LffN9KJahViKZ61dGMSO2gd3e+qe5yBRwsesvyqlZaSMg==",
        "dependencies": {
          "Microsoft.Extensions.Primitives": "2.2.0"
        }
      },
      "Microsoft.AspNetCore.WebUtilities": {
        "type": "Transitive",
        "resolved": "2.2.0",
        "contentHash": "9ErxAAKaDzxXASB/b5uLEkLgUWv1QbeVxyJYEHQwMaxXOeFFVkQxiq8RyfVcifLU7NR0QY0p3acqx4ZpYfhHDg==",
        "dependencies": {
          "Microsoft.Net.Http.Headers": "2.2.0",
          "System.Text.Encodings.Web": "4.5.0"
        }
      },
      "Microsoft.Extensions.DependencyInjection": {
        "type": "Transitive",
        "resolved": "5.0.0",
        "contentHash": "Rc2kb/p3Ze6cP6rhFC3PJRdWGbLvSHZc0ev7YlyeU6FmHciDMLrhoVoTUEzKPhN5ZjFgKF1Cf5fOz8mCMIkvpA==",
        "dependencies": {
          "Microsoft.Extensions.DependencyInjection.Abstractions": "5.0.0"
        }
      },
      "Microsoft.Extensions.DependencyInjection.Abstractions": {
        "type": "Transitive",
        "resolved": "5.0.0",
        "contentHash": "ORj7Zh81gC69TyvmcUm9tSzytcy8AVousi+IVRAI8nLieQjOFryRusSFh7+aLk16FN9pQNqJAiMd7BTKINK0kA=="
      },
      "Microsoft.Extensions.Http": {
        "type": "Transitive",
        "resolved": "5.0.0",
        "contentHash": "kT1ijDKZuSUhBtYoC1sXrmVKP7mA08h9Xrsr4VrS/QOtiKCEtUTTd7dd3XI9dwAb46tZSak13q/zdIcr4jqbyg==",
        "dependencies": {
          "Microsoft.Extensions.DependencyInjection.Abstractions": "5.0.0",
          "Microsoft.Extensions.Logging": "5.0.0",
          "Microsoft.Extensions.Logging.Abstractions": "5.0.0",
          "Microsoft.Extensions.Options": "5.0.0"
        }
      },
      "Microsoft.Extensions.Logging": {
        "type": "Transitive",
        "resolved": "5.0.0",
        "contentHash": "MgOwK6tPzB6YNH21wssJcw/2MKwee8b2gI7SllYfn6rvTpIrVvVS5HAjSU2vqSku1fwqRvWP0MdIi14qjd93Aw==",
        "dependencies": {
          "Microsoft.Extensions.DependencyInjection": "5.0.0",
          "Microsoft.Extensions.DependencyInjection.Abstractions": "5.0.0",
          "Microsoft.Extensions.Logging.Abstractions": "5.0.0",
          "Microsoft.Extensions.Options": "5.0.0"
        }
      },
      "Microsoft.Extensions.Logging.Abstractions": {
        "type": "Transitive",
        "resolved": "5.0.0",
        "contentHash": "NxP6ahFcBnnSfwNBi2KH2Oz8Xl5Sm2krjId/jRR3I7teFphwiUoUeZPwTNA21EX+5PtjqmyAvKaOeBXcJjcH/w=="
      },
      "Microsoft.Extensions.ObjectPool": {
        "type": "Transitive",
        "resolved": "2.2.0",
        "contentHash": "gA8H7uQOnM5gb+L0uTNjViHYr+hRDqCdfugheGo/MxQnuHzmhhzCBTIPm19qL1z1Xe0NEMabfcOBGv9QghlZ8g=="
      },
      "Microsoft.Extensions.Options": {
        "type": "Transitive",
        "resolved": "5.0.0",
        "contentHash": "CBvR92TCJ5uBIdd9/HzDSrxYak+0W/3+yxrNg8Qm6Bmrkh5L+nu6m3WeazQehcZ5q1/6dDA7J5YdQjim0165zg==",
        "dependencies": {
          "Microsoft.Extensions.DependencyInjection.Abstractions": "5.0.0",
          "Microsoft.Extensions.Primitives": "5.0.0"
        }
      },
      "Microsoft.Extensions.Primitives": {
        "type": "Transitive",
        "resolved": "5.0.0",
        "contentHash": "cI/VWn9G1fghXrNDagX9nYaaB/nokkZn0HYAawGaELQrl8InSezfe9OnfPZLcJq3esXxygh3hkq2c3qoV3SDyQ=="
      },
      "Microsoft.Net.Http.Headers": {
        "type": "Transitive",
        "resolved": "2.2.0",
        "contentHash": "iZNkjYqlo8sIOI0bQfpsSoMTmB/kyvmV2h225ihyZT33aTp48ZpF6qYnXxzSXmHt8DpBAwBTX+1s1UFLbYfZKg==",
        "dependencies": {
          "Microsoft.Extensions.Primitives": "2.2.0",
          "System.Buffers": "4.5.0"
        }
      },
      "System.Buffers": {
        "type": "Transitive",
        "resolved": "4.5.0",
        "contentHash": "pL2ChpaRRWI/p4LXyy4RgeWlYF2sgfj/pnVMvBqwNFr5cXg7CXNnWZWxrOONLg8VGdFB8oB+EG2Qw4MLgTOe+A=="
      },
      "System.Memory": {
        "type": "Transitive",
        "resolved": "4.5.3",
        "contentHash": "3oDzvc/zzetpTKWMShs1AADwZjQ/36HnsufHRPcOjyRAAMLDlu2iD33MBI2opxnezcVUtXyqDXXjoFMOU9c7SA=="
      },
      "System.Runtime.CompilerServices.Unsafe": {
        "type": "Transitive",
        "resolved": "6.0.0",
        "contentHash": "/iUeP3tq1S0XdNNoMz5C9twLSrM/TH+qElHkXWaPvuNOt+99G75NrV0OS2EqHx5wMN7popYjpc8oTjC1y16DLg=="
      },
      "System.Text.Encodings.Web": {
        "type": "Transitive",
        "resolved": "6.0.0",
        "contentHash": "Vg8eB5Tawm1IFqj4TVK1czJX89rhFxJo9ELqc/Eiq0eXy13RK00eubyU6TJE6y+GQXjyV5gSfiewDUZjQgSE0w==",
        "dependencies": {
          "System.Runtime.CompilerServices.Unsafe": "6.0.0"
        }
      },
      "System.Text.Json": {
        "type": "Transitive",
        "resolved": "6.0.1",
        "contentHash": "X3cTdM+jna1YyfTUzToW7aVgINFv7R1W4+1+3hua/YCyLjApPoR8fd+2Cep9DbfYjbv+rBx4K6dlmAWEJr9AHg==",
        "dependencies": {
          "System.Runtime.CompilerServices.Unsafe": "6.0.0",
          "System.Text.Encodings.Web": "6.0.0"
        }
      },
      "Haland.DotNetTrace": {
        "type": "Project",
        "dependencies": {
          "Microsoft.AspNetCore.Http": "2.2.2",
          "Microsoft.Extensions.Http": "5.0.0",
          "System.Text.Encodings.Web": "6.0.0"
        }
      },
      "tests.utilities": {
        "type": "Project",
        "dependencies": {
          "Grpc.AspNetCore": "2.41.0",
          "System.Text.Json": "6.0.1"
        }
      }
    },
    "net6.0": {
      "Grpc.AspNetCore": {
        "type": "Direct",
        "requested": "[2.41.0, )",
        "resolved": "2.41.0",
        "contentHash": "JMwlIpaI6QnuO/LaHu40Oiq1ssIJTi4Q9z+MsKDeL8rqp9HFBzhepYnoWxXZZiahgLaC2kVDlcxbYuzucImBgQ==",
        "dependencies": {
          "Google.Protobuf": "3.18.0",
          "Grpc.AspNetCore.Server.ClientFactory": "2.41.0",
          "Grpc.Tools": "2.41.0"
        }
      },
      "Google.Protobuf": {
        "type": "Transitive",
        "resolved": "3.18.0",
        "contentHash": "Jm6+nppUm9LD+XVsLFkf1YyVlAKsG5gq+Hc/Rn3Zi2pDObBI6PCH/eHBFUJdARl40DpczEdHlV3+WTPOGIXetg=="
      },
      "Grpc.AspNetCore.Server": {
        "type": "Transitive",
        "resolved": "2.41.0",
        "contentHash": "Snbmre+4zd7w5SKmaAq49G6l3eXpKwn6d//ph2klloVEradOvvMd1q2bYybG4Ryr6YU6bN2zJRpUQjKZy1JZug==",
        "dependencies": {
          "Grpc.Net.Common": "2.41.0"
        }
      },
      "Grpc.AspNetCore.Server.ClientFactory": {
        "type": "Transitive",
        "resolved": "2.41.0",
        "contentHash": "no6+pmtH4PEqRyomEG0eQlPaO4hEY5bBDvEWfn6bVz1eRlE22L2+/XZay7AzIkrILsnm+GZIngEdnK8onfrJkQ==",
        "dependencies": {
          "Grpc.AspNetCore.Server": "2.41.0",
          "Grpc.Net.ClientFactory": "2.41.0"
        }
      },
      "Grpc.Core.Api": {
        "type": "Transitive",
        "resolved": "2.41.0",
        "contentHash": "bQ/mLaeACJ16hINQzKZA0ge648acF0OUiHd8JMdvpywJ41UFilDOd+t3yDG0M2XxgbB98z8EUf0HnprHLOO0qg==",
        "dependencies": {
          "System.Memory": "4.5.3"
        }
      },
      "Grpc.Net.Client": {
        "type": "Transitive",
        "resolved": "2.41.0",
        "contentHash": "hKuRI7eHxIdrBtricxXuNu+vzjErt7n+zcIr47M56pnajKnzFlG4zwLiPCuxKC22cZTI5S6ef50jCrI/vQrL2w==",
        "dependencies": {
          "Grpc.Net.Common": "2.41.0",
          "Microsoft.Extensions.Logging.Abstractions": "3.0.3"
        }
      },
      "Grpc.Net.ClientFactory": {
        "type": "Transitive",
        "resolved": "2.41.0",
        "contentHash": "8uUxz9Sbpz7dudq3i2hBfmaRbLHImFcGx1Kn9CtpGtBok3WXL7FepUj0SIU4Iv95VQNYbefi41mIGxFylAO6Mg==",
        "dependencies": {
          "Grpc.Net.Client": "2.41.0",
          "Microsoft.Extensions.Http": "3.0.3"
        }
      },
      "Grpc.Net.Common": {
        "type": "Transitive",
        "resolved": "2.41.0",
        "contentHash": "Mcb6ybFRZYEqn1UVpfCADL2HSTJSK9+V2BBLyS6vebMNkmGwqa0KQ3x++kC+n28MAP4BlrR+jxW0XGNP6V9amw==",
        "dependencies": {
          "Grpc.Core.Api": "2.41.0"
        }
      },
      "Grpc.Tools": {
        "type": "Transitive",
        "resolved": "2.41.0",
        "contentHash": "u5jiyjo/ZX9O3WlrxEcM5yrnA45G+CM3ukMhDGZnaeXChqCNJEZDpayBiEAdeD4FZ/pAaGDr4rn1SpaHxLtPrw=="
      },
      "Microsoft.AspNetCore.Http": {
        "type": "Transitive",
        "resolved": "2.2.2",
        "contentHash": "BAibpoItxI5puk7YJbIGj95arZueM8B8M5xT1fXBn3hb3L2G3ucrZcYXv1gXdaroLbntUs8qeV8iuBrpjQsrKw==",
        "dependencies": {
          "Microsoft.AspNetCore.Http.Abstractions": "2.2.0",
          "Microsoft.AspNetCore.WebUtilities": "2.2.0",
          "Microsoft.Extensions.ObjectPool": "2.2.0",
          "Microsoft.Extensions.Options": "2.2.0",
          "Microsoft.Net.Http.Headers": "2.2.0"
        }
      },
      "Microsoft.AspNetCore.Http.Abstractions": {
        "type": "Transitive",
        "resolved": "2.2.0",
        "contentHash": "Nxs7Z1q3f1STfLYKJSVXCs1iBl+Ya6E8o4Oy1bCxJ/rNI44E/0f6tbsrVqAWfB7jlnJfyaAtIalBVxPKUPQb4Q==",
        "dependencies": {
          "Microsoft.AspNetCore.Http.Features": "2.2.0",
          "System.Text.Encodings.Web": "4.5.0"
        }
      },
      "Microsoft.AspNetCore.Http.Features": {
        "type": "Transitive",
        "resolved": "2.2.0",
        "contentHash": "ziFz5zH8f33En4dX81LW84I6XrYXKf9jg6aM39cM+LffN9KJahViKZ61dGMSO2gd3e+qe5yBRwsesvyqlZaSMg==",
        "dependencies": {
          "Microsoft.Extensions.Primitives": "2.2.0"
        }
      },
      "Microsoft.AspNetCore.WebUtilities": {
        "type": "Transitive",
        "resolved": "2.2.0",
        "contentHash": "9ErxAAKaDzxXASB/b5uLEkLgUWv1QbeVxyJYEHQwMaxXOeFFVkQxiq8RyfVcifLU7NR0QY0p3acqx4ZpYfhHDg==",
        "dependencies": {
          "Microsoft.Net.Http.Headers": "2.2.0",
          "System.Text.Encodings.Web": "4.5.0"
        }
      },
      "Microsoft.Extensions.DependencyInjection": {
        "type": "Transitive",
        "resolved": "6.0.0",
        "contentHash": "k6PWQMuoBDGGHOQTtyois2u4AwyVcIwL2LaSLlTZQm2CYcJ1pxbt6jfAnpWmzENA/wfrYRI/X9DTLoUkE4AsLw==",
        "dependencies": {
          "Microsoft.Extensions.DependencyInjection.Abstractions": "6.0.0",
          "System.Runtime.CompilerServices.Unsafe": "6.0.0"
        }
      },
      "Microsoft.Extensions.DependencyInjection.Abstractions": {
        "type": "Transitive",
        "resolved": "6.0.0",
        "contentHash": "xlzi2IYREJH3/m6+lUrQlujzX8wDitm4QGnUu6kUXTQAWPuZY8i+ticFJbzfqaetLA6KR/rO6Ew/HuYD+bxifg=="
      },
      "Microsoft.Extensions.Http": {
        "type": "Transitive",
        "resolved": "6.0.0",
        "contentHash": "15+pa2G0bAMHbHewaQIdr/y6ag2H3yh4rd9hTXavtWDzQBkvpe2RMqFg8BxDpcQWssmjmBApGPcw93QRz6YcMg==",
        "dependencies": {
          "Microsoft.Extensions.DependencyInjection.Abstractions": "6.0.0",
          "Microsoft.Extensions.Logging": "6.0.0",
          "Microsoft.Extensions.Logging.Abstractions": "6.0.0",
          "Microsoft.Extensions.Options": "6.0.0"
        }
      },
      "Microsoft.Extensions.Logging": {
        "type": "Transitive",
        "resolved": "6.0.0",
        "contentHash": "eIbyj40QDg1NDz0HBW0S5f3wrLVnKWnDJ/JtZ+yJDFnDj90VoPuoPmFkeaXrtu+0cKm5GRAwoDf+dBWXK0TUdg==",
        "dependencies": {
          "Microsoft.Extensions.DependencyInjection": "6.0.0",
          "Microsoft.Extensions.DependencyInjection.Abstractions": "6.0.0",
          "Microsoft.Extensions.Logging.Abstractions": "6.0.0",
          "Microsoft.Extensions.Options": "6.0.0",
          "System.Diagnostics.DiagnosticSource": "6.0.0"
        }
      },
      "Microsoft.Extensions.Logging.Abstractions": {
        "type": "Transitive",
        "resolved": "6.0.0",
        "contentHash": "/HggWBbTwy8TgebGSX5DBZ24ndhzi93sHUBDvP1IxbZD7FDokYzdAr6+vbWGjw2XAfR2EJ1sfKUotpjHnFWPxA=="
      },
      "Microsoft.Extensions.ObjectPool": {
        "type": "Transitive",
        "resolved": "2.2.0",
        "contentHash": "gA8H7uQOnM5gb+L0uTNjViHYr+hRDqCdfugheGo/MxQnuHzmhhzCBTIPm19qL1z1Xe0NEMabfcOBGv9QghlZ8g=="
      },
      "Microsoft.Extensions.Options": {
        "type": "Transitive",
        "resolved": "6.0.0",
        "contentHash": "dzXN0+V1AyjOe2xcJ86Qbo233KHuLEY0njf/P2Kw8SfJU+d45HNS2ctJdnEnrWbM9Ye2eFgaC5Mj9otRMU6IsQ==",
        "dependencies": {
          "Microsoft.Extensions.DependencyInjection.Abstractions": "6.0.0",
          "Microsoft.Extensions.Primitives": "6.0.0"
        }
      },
      "Microsoft.Extensions.Primitives": {
        "type": "Transitive",
        "resolved": "6.0.0",
        "contentHash": "9+PnzmQFfEFNR9J2aDTfJGGupShHjOuGw4VUv+JB044biSHrnmCIMD+mJHmb2H7YryrfBEXDurxQ47gJZdCKNQ==",
        "dependencies": {
          "System.Runtime.CompilerServices.Unsafe": "6.0.0"
        }
      },
      "Microsoft.Net.Http.Headers": {
        "type": "Transitive",
        "resolved": "2.2.0",
        "contentHash": "iZNkjYqlo8sIOI0bQfpsSoMTmB/kyvmV2h225ihyZT33aTp48ZpF6qYnXxzSXmHt8DpBAwBTX+1s1UFLbYfZKg==",
        "dependencies": {
          "Microsoft.Extensions.Primitives": "2.2.0",
          "System.Buffers": "4.5.0"
        }
      },
      "System.Buffers": {
        "type": "Transitive",
        "resolved": "4.5.0",
        "contentHash": "pL2ChpaRRWI/p4LXyy4RgeWlYF2sgfj/pnVMvBqwNFr5cXg7CXNnWZWxrOONLg8VGdFB8oB+EG2Qw4MLgTOe+A=="
      },
      "System.Diagnostics.DiagnosticSource": {
        "type": "Transitive",
        "resolved": "6.0.0",
        "contentHash": "frQDfv0rl209cKm1lnwTgFPzNigy2EKk1BS3uAvHvlBVKe5cymGyHO+Sj+NLv5VF/AhHsqPIUUwya5oV4CHMUw==",
        "dependencies": {
          "System.Runtime.CompilerServices.Unsafe": "6.0.0"
        }
      },
      "System.Memory": {
        "type": "Transitive",
        "resolved": "4.5.3",
        "contentHash": "3oDzvc/zzetpTKWMShs1AADwZjQ/36HnsufHRPcOjyRAAMLDlu2iD33MBI2opxnezcVUtXyqDXXjoFMOU9c7SA=="
      },
      "System.Runtime.CompilerServices.Unsafe": {
        "type": "Transitive",
        "resolved": "6.0.0",
        "contentHash": "/iUeP3tq1S0XdNNoMz5C9twLSrM/TH+qElHkXWaPvuNOt+99G75NrV0OS2EqHx5wMN7popYjpc8oTjC1y16DLg=="
      },
      "System.Text.Encodings.Web": {
        "type": "Transitive",
        "resolved": "6.0.0",
        "contentHash": "Vg8eB5Tawm1IFqj4TVK1czJX89rhFxJo9ELqc/Eiq0eXy13RK00eubyU6TJE6y+GQXjyV5gSfiewDUZjQgSE0w==",
        "dependencies": {
          "System.Runtime.CompilerServices.Unsafe": "6.0.0"
        }
      },
      "System.Text.Json": {
        "type": "Transitive",
        "resolved": "6.0.1",
        "contentHash": "X3cTdM+jna1YyfTUzToW7aVgINFv7R1W4+1+3hua/YCyLjApPoR8fd+2Cep9DbfYjbv+rBx4K6dlmAWEJr9AHg==",
        "dependencies": {
          "System.Runtime.CompilerServices.Unsafe": "6.0.0",
          "System.Text.Encodings.Web": "6.0.0"
        }
      },
      "Haland.DotNetTrace": {
        "type": "Project",
        "dependencies": {
          "Microsoft.AspNetCore.Http": "2.2.2",
          "Microsoft.Extensions.Http": "6.0.0",
          "System.Text.Encodings.Web": "6.0.0"
        }
      },
      "tests.utilities": {
        "type": "Project",
        "dependencies": {
          "Grpc.AspNetCore": "2.41.0",
          "System.Text.Json": "6.0.1"
        }
      }
    }
  }
}