{
  "version": 1,
  "dependencies": {
    ".NETCoreApp,Version=v3.1": {
      "Grpc.AspNetCore": {
        "type": "Direct",
        "requested": "[2.39.0, )",
        "resolved": "2.39.0",
        "contentHash": "LKTSQ3d2Pt40Scc/VLjpnjF0DCkimisGNkwcaiuLEaEGcVTr8ndGF9tnT/AhMg4HwfzFXIO/t47TEQQ+7tg7Dg==",
        "dependencies": {
          "Google.Protobuf": "3.15.8",
          "Grpc.AspNetCore.Server.ClientFactory": "2.39.0",
          "Grpc.Tools": "2.39.1"
        }
      },
      "Google.Protobuf": {
        "type": "Transitive",
        "resolved": "3.15.8",
        "contentHash": "tA0S9QXJq+r3CjwBlcn5glEUrbdAxhPWO4yhq5+ycn6WW6+nsvqzO6Qf6NE9XWbEz/F2QSpBTxjdTI7SvVy7CQ==",
        "dependencies": {
          "System.Memory": "4.5.3",
          "System.Runtime.CompilerServices.Unsafe": "4.5.2"
        }
      },
      "Grpc.AspNetCore.Server": {
        "type": "Transitive",
        "resolved": "2.39.0",
        "contentHash": "oDNyoNuPDbigSPFT7PbcEgm6vmtcoJcpX9YkUPT1H7+FnEJ5yCAhL8m8RkjSkRhQWa9sfGHPtw3P4Xjvr6Bq9g==",
        "dependencies": {
          "Grpc.Net.Common": "2.39.0"
        }
      },
      "Grpc.AspNetCore.Server.ClientFactory": {
        "type": "Transitive",
        "resolved": "2.39.0",
        "contentHash": "zhKSZL0QC8b4AwiMCLq0qUhkWAMJhS7lP6fhA/DiC9js3bo1zISFGu6mfvurBq1sT24CVuuecboMMJf4QF4L+A==",
        "dependencies": {
          "Grpc.AspNetCore.Server": "2.39.0",
          "Grpc.Net.ClientFactory": "2.39.0"
        }
      },
      "Grpc.Core.Api": {
        "type": "Transitive",
        "resolved": "2.39.1",
        "contentHash": "8qZlpIhUEyshIY/mlMWAaer9ehOxu/UFO8YlG9kI8MHnBSves5mkc5elkHO0egAJCshYhZjkCNhj+UCKkK0kOQ==",
        "dependencies": {
          "System.Memory": "4.5.3"
        }
      },
      "Grpc.Net.Client": {
        "type": "Transitive",
        "resolved": "2.39.0",
        "contentHash": "i2IBxBf+/I9U6C0CgIEg6LU7TTzOjGI6ff15arSOnLNs22WcrIOTDoNwUZ5h6z1ymcFUIQcoJqjd15UeW0U7zQ==",
        "dependencies": {
          "Grpc.Net.Common": "2.39.0",
          "Microsoft.Extensions.Logging.Abstractions": "3.0.3",
          "System.Diagnostics.DiagnosticSource": "4.5.1"
        }
      },
      "Grpc.Net.ClientFactory": {
        "type": "Transitive",
        "resolved": "2.39.0",
        "contentHash": "vky36VUE9iUCHo2eUfkZUOtHCUB8PjRrGHtNQJyW1jf2rJM8px6SQVODbysBVHwd/fB4OidoNa8AN7D5N6fJaA==",
        "dependencies": {
          "Grpc.Net.Client": "2.39.0",
          "Microsoft.Extensions.Http": "3.0.3"
        }
      },
      "Grpc.Net.Common": {
        "type": "Transitive",
        "resolved": "2.39.0",
        "contentHash": "67nApml/WnMHHm4b26mk5xnW7vAEE9TEEA/tyswFMg9O8bDlriGTvoCoNMO1fDNyXtasYT1Pk7jyd9BqLCQ2tw==",
        "dependencies": {
          "Grpc.Core.Api": "2.39.1"
        }
      },
      "Grpc.Tools": {
        "type": "Transitive",
        "resolved": "2.39.1",
        "contentHash": "qYfQ2jaqQJO6ACFtU7/wCCqWpw37W3p2RmtoAAuj4A+tOqyzrwW86kUEzK0xBbkPvJTbjkJZTdwjIuzjspWv1g=="
      },
      "Microsoft.AspNetCore.Http": {
        "type": "Transitive",
        "resolved": "2.2.2",
        "contentHash": "BAibpoItxI5puk7YJbIGj95arZueM8B8M5xT1fXBn3hb3L2G3ucrZcYXv1gXdaroLbntUs8qeV8iuBrpjQsrKw==",
        "dependencies": {
          "Microsoft.AspNetCore.Http.Abstractions": "2.2.0",
          "Microsoft.AspNetCore.WebUtilities": "2.2.0",
          "Microsoft.Extensions.ObjectPool": "2.2.0",
          "Microsoft.Extensions.Options": "2.2.0",
          "Microsoft.Net.Http.Headers": "2.2.0"
        }
      },
      "Microsoft.AspNetCore.Http.Abstractions": {
        "type": "Transitive",
        "resolved": "2.2.0",
        "contentHash": "Nxs7Z1q3f1STfLYKJSVXCs1iBl+Ya6E8o4Oy1bCxJ/rNI44E/0f6tbsrVqAWfB7jlnJfyaAtIalBVxPKUPQb4Q==",
        "dependencies": {
          "Microsoft.AspNetCore.Http.Features": "2.2.0",
          "System.Text.Encodings.Web": "4.5.0"
        }
      },
      "Microsoft.AspNetCore.Http.Features": {
        "type": "Transitive",
        "resolved": "2.2.0",
        "contentHash": "ziFz5zH8f33En4dX81LW84I6XrYXKf9jg6aM39cM+LffN9KJahViKZ61dGMSO2gd3e+qe5yBRwsesvyqlZaSMg==",
        "dependencies": {
          "Microsoft.Extensions.Primitives": "2.2.0"
        }
      },
      "Microsoft.AspNetCore.WebUtilities": {
        "type": "Transitive",
        "resolved": "2.2.0",
        "contentHash": "9ErxAAKaDzxXASB/b5uLEkLgUWv1QbeVxyJYEHQwMaxXOeFFVkQxiq8RyfVcifLU7NR0QY0p3acqx4ZpYfhHDg==",
        "dependencies": {
          "Microsoft.Net.Http.Headers": "2.2.0",
          "System.Text.Encodings.Web": "4.5.0"
        }
      },
      "Microsoft.Extensions.Configuration": {
        "type": "Transitive",
        "resolved": "3.1.18",
        "contentHash": "G2w2QolMv76ZswL6XKjy8PbAu12uYbtIkGwkkZEhy7irWfqQWFT8PKQ68cEpotg6e2rc15E5/LQDgvCpXeWFtA==",
        "dependencies": {
          "Microsoft.Extensions.Configuration.Abstractions": "3.1.18"
        }
      },
      "Microsoft.Extensions.Configuration.Abstractions": {
        "type": "Transitive",
        "resolved": "3.1.18",
        "contentHash": "ID1/qQDGowofEfOoNcEkerRDy3x5FMguDxDEsl4DVROaI/qLa/oWCqUljIDWMuM1GUDNhucSrTMZ8/k9VyOHAg==",
        "dependencies": {
          "Microsoft.Extensions.Primitives": "3.1.18"
        }
      },
      "Microsoft.Extensions.Configuration.Binder": {
        "type": "Transitive",
        "resolved": "3.1.18",
        "contentHash": "OsJMdTm2qWlyIpigTD6EUp7h1IKC0+Zf1+1Nq4Q6dS64EJOeUi6+FL0STPi5FK9v+1j9AvMWDcnK3IDZH5rE6g==",
        "dependencies": {
          "Microsoft.Extensions.Configuration": "3.1.18"
        }
      },
      "Microsoft.Extensions.DependencyInjection": {
        "type": "Transitive",
        "resolved": "3.1.18",
        "contentHash": "Cd5n8pU5sVnke4qV87Lm6np0NQZLUG7vkgWgHxAmq+yAizIUCoDeqHc4MepV4YgH4kiY2VuYESVdCx7JbtkMnQ==",
        "dependencies": {
          "Microsoft.Extensions.DependencyInjection.Abstractions": "3.1.18"
        }
      },
      "Microsoft.Extensions.DependencyInjection.Abstractions": {
        "type": "Transitive",
        "resolved": "3.1.18",
        "contentHash": "g/0l4u6IYwgaHxxF5eYj5AjWFfjQP/cwu6PHP0tLJrl1dgP5ltMQMOWPUTWXkn/cZhGZHHuyMfJCvDAvF3mOZA=="
      },
      "Microsoft.Extensions.Http": {
        "type": "Transitive",
        "resolved": "3.1.18",
        "contentHash": "XwYLfuyAh5kFM8M9qEBd2sr27+3nGGtTvgNV1S3rzbbh+IdXVE2q7Bs88G2EOaIQSAGSeCA5r1EfPWx6nz/zFQ==",
        "dependencies": {
          "Microsoft.Extensions.DependencyInjection.Abstractions": "3.1.18",
          "Microsoft.Extensions.Logging": "3.1.18",
          "Microsoft.Extensions.Options": "3.1.18"
        }
      },
      "Microsoft.Extensions.Logging": {
        "type": "Transitive",
        "resolved": "3.1.18",
        "contentHash": "1cYb4a/c1IfYLc5hEGQOL0t9g43gBIcqJQC5WrEZdXhScEuP1tFs1XgGjzK957Wwibi5O8h8Gulpd2VZeW0cvg==",
        "dependencies": {
          "Microsoft.Extensions.Configuration.Binder": "3.1.18",
          "Microsoft.Extensions.DependencyInjection": "3.1.18",
          "Microsoft.Extensions.Logging.Abstractions": "3.1.18",
          "Microsoft.Extensions.Options": "3.1.18"
        }
      },
      "Microsoft.Extensions.Logging.Abstractions": {
        "type": "Transitive",
        "resolved": "3.1.18",
        "contentHash": "TmCtOpIU/dmdw50In0suE44ncPFqWKk9WK6T/+I8lKJtBdR1akBnvGBbGHx78Awnmq96DsZtuy9ujl+bNGaHSQ=="
      },
      "Microsoft.Extensions.ObjectPool": {
        "type": "Transitive",
        "resolved": "2.2.0",
        "contentHash": "gA8H7uQOnM5gb+L0uTNjViHYr+hRDqCdfugheGo/MxQnuHzmhhzCBTIPm19qL1z1Xe0NEMabfcOBGv9QghlZ8g=="
      },
      "Microsoft.Extensions.Options": {
        "type": "Transitive",
        "resolved": "3.1.18",
        "contentHash": "5HL6ugNim4dzVkCPexsmNSra0qfVlUisW+PRjrCoSBWNHtTbt6rfuawaSTmwxheIZjIu+xqJ0nBb681tmZzE6g==",
        "dependencies": {
          "Microsoft.Extensions.DependencyInjection.Abstractions": "3.1.18",
          "Microsoft.Extensions.Primitives": "3.1.18"
        }
      },
      "Microsoft.Extensions.Primitives": {
        "type": "Transitive",
        "resolved": "3.1.18",
        "contentHash": "QFvxAK1seL0TeCeZcsld3X8/xPqH4xuMwqzbEkgQK8ChFwM9c8tUHK6JZG7H47UgjaucwV2y8G9IWlX051oOkw=="
      },
      "Microsoft.Net.Http.Headers": {
        "type": "Transitive",
        "resolved": "2.2.0",
        "contentHash": "iZNkjYqlo8sIOI0bQfpsSoMTmB/kyvmV2h225ihyZT33aTp48ZpF6qYnXxzSXmHt8DpBAwBTX+1s1UFLbYfZKg==",
        "dependencies": {
          "Microsoft.Extensions.Primitives": "2.2.0",
          "System.Buffers": "4.5.0"
        }
      },
      "System.Buffers": {
        "type": "Transitive",
        "resolved": "4.5.0",
        "contentHash": "pL2ChpaRRWI/p4LXyy4RgeWlYF2sgfj/pnVMvBqwNFr5cXg7CXNnWZWxrOONLg8VGdFB8oB+EG2Qw4MLgTOe+A=="
      },
      "System.Diagnostics.DiagnosticSource": {
        "type": "Transitive",
        "resolved": "4.5.1",
        "contentHash": "zCno/m44ymWhgLFh7tELDG9587q0l/EynPM0m4KgLaWQbz/TEKvNRX2YT5ip2qXW/uayifQ2ZqbnErsKJ4lYrQ=="
      },
      "System.Memory": {
        "type": "Transitive",
        "resolved": "4.5.3",
        "contentHash": "3oDzvc/zzetpTKWMShs1AADwZjQ/36HnsufHRPcOjyRAAMLDlu2iD33MBI2opxnezcVUtXyqDXXjoFMOU9c7SA=="
      },
      "System.Runtime.CompilerServices.Unsafe": {
        "type": "Transitive",
        "resolved": "5.0.0",
        "contentHash": "ZD9TMpsmYJLrxbbmdvhwt9YEgG5WntEnZ/d1eH8JBX9LBp+Ju8BSBhUGbZMNVHHomWo2KVImJhTDl2hIgw/6MA=="
      },
      "System.Text.Encodings.Web": {
        "type": "Transitive",
        "resolved": "5.0.1",
        "contentHash": "KmJ+CJXizDofbq6mpqDoRRLcxgOd2z9X3XoFNULSbvbqVRZkFX3istvr+MUjL6Zw1RT+RNdoI4GYidIINtgvqQ=="
      },
      "System.Text.Json": {
        "type": "Transitive",
        "resolved": "5.0.2",
        "contentHash": "I47dVIGiV6SfAyppphxqupertT/5oZkYLDCX6vC3HpOI4ZLjyoKAreUoem2ie6G0RbRuFrlqz/PcTQjfb2DOfQ==",
        "dependencies": {
          "System.Runtime.CompilerServices.Unsafe": "5.0.0",
          "System.Text.Encodings.Web": "5.0.1"
        }
      },
      "Haland.DotNetTrace": {
        "type": "Project",
        "dependencies": {
          "Microsoft.AspNetCore.Http": "2.2.2",
          "Microsoft.Extensions.Http": "3.1.18"
        }
      },
      "tests.utilities": {
        "type": "Project",
        "dependencies": {
          "Grpc.AspNetCore": "2.39.0",
          "System.Text.Json": "5.0.2"
        }
      }
    },
    ".NETCoreApp,Version=v5.0": {
      "Grpc.AspNetCore": {
        "type": "Direct",
        "requested": "[2.39.0, )",
        "resolved": "2.39.0",
        "contentHash": "LKTSQ3d2Pt40Scc/VLjpnjF0DCkimisGNkwcaiuLEaEGcVTr8ndGF9tnT/AhMg4HwfzFXIO/t47TEQQ+7tg7Dg==",
        "dependencies": {
          "Google.Protobuf": "3.15.8",
          "Grpc.AspNetCore.Server.ClientFactory": "2.39.0",
          "Grpc.Tools": "2.39.1"
        }
      },
      "Google.Protobuf": {
        "type": "Transitive",
        "resolved": "3.15.8",
        "contentHash": "tA0S9QXJq+r3CjwBlcn5glEUrbdAxhPWO4yhq5+ycn6WW6+nsvqzO6Qf6NE9XWbEz/F2QSpBTxjdTI7SvVy7CQ==",
        "dependencies": {
          "System.Memory": "4.5.3",
          "System.Runtime.CompilerServices.Unsafe": "4.5.2"
        }
      },
      "Grpc.AspNetCore.Server": {
        "type": "Transitive",
        "resolved": "2.39.0",
        "contentHash": "oDNyoNuPDbigSPFT7PbcEgm6vmtcoJcpX9YkUPT1H7+FnEJ5yCAhL8m8RkjSkRhQWa9sfGHPtw3P4Xjvr6Bq9g==",
        "dependencies": {
          "Grpc.Net.Common": "2.39.0"
        }
      },
      "Grpc.AspNetCore.Server.ClientFactory": {
        "type": "Transitive",
        "resolved": "2.39.0",
        "contentHash": "zhKSZL0QC8b4AwiMCLq0qUhkWAMJhS7lP6fhA/DiC9js3bo1zISFGu6mfvurBq1sT24CVuuecboMMJf4QF4L+A==",
        "dependencies": {
          "Grpc.AspNetCore.Server": "2.39.0",
          "Grpc.Net.ClientFactory": "2.39.0"
        }
      },
      "Grpc.Core.Api": {
        "type": "Transitive",
        "resolved": "2.39.1",
        "contentHash": "8qZlpIhUEyshIY/mlMWAaer9ehOxu/UFO8YlG9kI8MHnBSves5mkc5elkHO0egAJCshYhZjkCNhj+UCKkK0kOQ==",
        "dependencies": {
          "System.Memory": "4.5.3"
        }
      },
      "Grpc.Net.Client": {
        "type": "Transitive",
        "resolved": "2.39.0",
        "contentHash": "i2IBxBf+/I9U6C0CgIEg6LU7TTzOjGI6ff15arSOnLNs22WcrIOTDoNwUZ5h6z1ymcFUIQcoJqjd15UeW0U7zQ==",
        "dependencies": {
          "Grpc.Net.Common": "2.39.0",
          "Microsoft.Extensions.Logging.Abstractions": "3.0.3"
        }
      },
      "Grpc.Net.ClientFactory": {
        "type": "Transitive",
        "resolved": "2.39.0",
        "contentHash": "vky36VUE9iUCHo2eUfkZUOtHCUB8PjRrGHtNQJyW1jf2rJM8px6SQVODbysBVHwd/fB4OidoNa8AN7D5N6fJaA==",
        "dependencies": {
          "Grpc.Net.Client": "2.39.0",
          "Microsoft.Extensions.Http": "3.0.3"
        }
      },
      "Grpc.Net.Common": {
        "type": "Transitive",
        "resolved": "2.39.0",
        "contentHash": "67nApml/WnMHHm4b26mk5xnW7vAEE9TEEA/tyswFMg9O8bDlriGTvoCoNMO1fDNyXtasYT1Pk7jyd9BqLCQ2tw==",
        "dependencies": {
          "Grpc.Core.Api": "2.39.1"
        }
      },
      "Grpc.Tools": {
        "type": "Transitive",
        "resolved": "2.39.1",
        "contentHash": "qYfQ2jaqQJO6ACFtU7/wCCqWpw37W3p2RmtoAAuj4A+tOqyzrwW86kUEzK0xBbkPvJTbjkJZTdwjIuzjspWv1g=="
      },
      "Microsoft.AspNetCore.Http": {
        "type": "Transitive",
        "resolved": "2.2.2",
        "contentHash": "BAibpoItxI5puk7YJbIGj95arZueM8B8M5xT1fXBn3hb3L2G3ucrZcYXv1gXdaroLbntUs8qeV8iuBrpjQsrKw==",
        "dependencies": {
          "Microsoft.AspNetCore.Http.Abstractions": "2.2.0",
          "Microsoft.AspNetCore.WebUtilities": "2.2.0",
          "Microsoft.Extensions.ObjectPool": "2.2.0",
          "Microsoft.Extensions.Options": "2.2.0",
          "Microsoft.Net.Http.Headers": "2.2.0"
        }
      },
      "Microsoft.AspNetCore.Http.Abstractions": {
        "type": "Transitive",
        "resolved": "2.2.0",
        "contentHash": "Nxs7Z1q3f1STfLYKJSVXCs1iBl+Ya6E8o4Oy1bCxJ/rNI44E/0f6tbsrVqAWfB7jlnJfyaAtIalBVxPKUPQb4Q==",
        "dependencies": {
          "Microsoft.AspNetCore.Http.Features": "2.2.0",
          "System.Text.Encodings.Web": "4.5.0"
        }
      },
      "Microsoft.AspNetCore.Http.Features": {
        "type": "Transitive",
        "resolved": "2.2.0",
        "contentHash": "ziFz5zH8f33En4dX81LW84I6XrYXKf9jg6aM39cM+LffN9KJahViKZ61dGMSO2gd3e+qe5yBRwsesvyqlZaSMg==",
        "dependencies": {
          "Microsoft.Extensions.Primitives": "2.2.0"
        }
      },
      "Microsoft.AspNetCore.WebUtilities": {
        "type": "Transitive",
        "resolved": "2.2.0",
        "contentHash": "9ErxAAKaDzxXASB/b5uLEkLgUWv1QbeVxyJYEHQwMaxXOeFFVkQxiq8RyfVcifLU7NR0QY0p3acqx4ZpYfhHDg==",
        "dependencies": {
          "Microsoft.Net.Http.Headers": "2.2.0",
          "System.Text.Encodings.Web": "4.5.0"
        }
      },
      "Microsoft.Extensions.DependencyInjection": {
        "type": "Transitive",
        "resolved": "5.0.0",
        "contentHash": "Rc2kb/p3Ze6cP6rhFC3PJRdWGbLvSHZc0ev7YlyeU6FmHciDMLrhoVoTUEzKPhN5ZjFgKF1Cf5fOz8mCMIkvpA==",
        "dependencies": {
          "Microsoft.Extensions.DependencyInjection.Abstractions": "5.0.0"
        }
      },
      "Microsoft.Extensions.DependencyInjection.Abstractions": {
        "type": "Transitive",
        "resolved": "5.0.0",
        "contentHash": "ORj7Zh81gC69TyvmcUm9tSzytcy8AVousi+IVRAI8nLieQjOFryRusSFh7+aLk16FN9pQNqJAiMd7BTKINK0kA=="
      },
      "Microsoft.Extensions.Http": {
        "type": "Transitive",
        "resolved": "5.0.0",
        "contentHash": "kT1ijDKZuSUhBtYoC1sXrmVKP7mA08h9Xrsr4VrS/QOtiKCEtUTTd7dd3XI9dwAb46tZSak13q/zdIcr4jqbyg==",
        "dependencies": {
          "Microsoft.Extensions.DependencyInjection.Abstractions": "5.0.0",
          "Microsoft.Extensions.Logging": "5.0.0",
          "Microsoft.Extensions.Logging.Abstractions": "5.0.0",
          "Microsoft.Extensions.Options": "5.0.0"
        }
      },
      "Microsoft.Extensions.Logging": {
        "type": "Transitive",
        "resolved": "5.0.0",
        "contentHash": "MgOwK6tPzB6YNH21wssJcw/2MKwee8b2gI7SllYfn6rvTpIrVvVS5HAjSU2vqSku1fwqRvWP0MdIi14qjd93Aw==",
        "dependencies": {
          "Microsoft.Extensions.DependencyInjection": "5.0.0",
          "Microsoft.Extensions.DependencyInjection.Abstractions": "5.0.0",
          "Microsoft.Extensions.Logging.Abstractions": "5.0.0",
          "Microsoft.Extensions.Options": "5.0.0"
        }
      },
      "Microsoft.Extensions.Logging.Abstractions": {
        "type": "Transitive",
        "resolved": "5.0.0",
        "contentHash": "NxP6ahFcBnnSfwNBi2KH2Oz8Xl5Sm2krjId/jRR3I7teFphwiUoUeZPwTNA21EX+5PtjqmyAvKaOeBXcJjcH/w=="
      },
      "Microsoft.Extensions.ObjectPool": {
        "type": "Transitive",
        "resolved": "2.2.0",
        "contentHash": "gA8H7uQOnM5gb+L0uTNjViHYr+hRDqCdfugheGo/MxQnuHzmhhzCBTIPm19qL1z1Xe0NEMabfcOBGv9QghlZ8g=="
      },
      "Microsoft.Extensions.Options": {
        "type": "Transitive",
        "resolved": "5.0.0",
        "contentHash": "CBvR92TCJ5uBIdd9/HzDSrxYak+0W/3+yxrNg8Qm6Bmrkh5L+nu6m3WeazQehcZ5q1/6dDA7J5YdQjim0165zg==",
        "dependencies": {
          "Microsoft.Extensions.DependencyInjection.Abstractions": "5.0.0",
          "Microsoft.Extensions.Primitives": "5.0.0"
        }
      },
      "Microsoft.Extensions.Primitives": {
        "type": "Transitive",
        "resolved": "5.0.0",
        "contentHash": "cI/VWn9G1fghXrNDagX9nYaaB/nokkZn0HYAawGaELQrl8InSezfe9OnfPZLcJq3esXxygh3hkq2c3qoV3SDyQ=="
      },
      "Microsoft.Net.Http.Headers": {
        "type": "Transitive",
        "resolved": "2.2.0",
        "contentHash": "iZNkjYqlo8sIOI0bQfpsSoMTmB/kyvmV2h225ihyZT33aTp48ZpF6qYnXxzSXmHt8DpBAwBTX+1s1UFLbYfZKg==",
        "dependencies": {
          "Microsoft.Extensions.Primitives": "2.2.0",
          "System.Buffers": "4.5.0"
        }
      },
      "System.Buffers": {
        "type": "Transitive",
        "resolved": "4.5.0",
        "contentHash": "pL2ChpaRRWI/p4LXyy4RgeWlYF2sgfj/pnVMvBqwNFr5cXg7CXNnWZWxrOONLg8VGdFB8oB+EG2Qw4MLgTOe+A=="
      },
      "System.Memory": {
        "type": "Transitive",
        "resolved": "4.5.3",
        "contentHash": "3oDzvc/zzetpTKWMShs1AADwZjQ/36HnsufHRPcOjyRAAMLDlu2iD33MBI2opxnezcVUtXyqDXXjoFMOU9c7SA=="
      },
      "System.Runtime.CompilerServices.Unsafe": {
        "type": "Transitive",
        "resolved": "4.5.2",
        "contentHash": "wprSFgext8cwqymChhrBLu62LMg/1u92bU+VOwyfBimSPVFXtsNqEWC92Pf9ofzJFlk4IHmJA75EDJn1b2goAQ=="
      },
      "System.Text.Encodings.Web": {
        "type": "Transitive",
        "resolved": "4.5.0",
        "contentHash": "Xg4G4Indi4dqP1iuAiMSwpiWS54ZghzR644OtsRCm/m/lBMG8dUBhLVN7hLm8NNrNTR+iGbshCPTwrvxZPlm4g=="
      },
      "System.Text.Json": {
        "type": "Transitive",
        "resolved": "5.0.2",
        "contentHash": "I47dVIGiV6SfAyppphxqupertT/5oZkYLDCX6vC3HpOI4ZLjyoKAreUoem2ie6G0RbRuFrlqz/PcTQjfb2DOfQ=="
      },
      "Haland.DotNetTrace": {
        "type": "Project",
        "dependencies": {
          "Microsoft.AspNetCore.Http": "2.2.2",
          "Microsoft.Extensions.Http": "5.0.0"
        }
      },
      "tests.utilities": {
        "type": "Project",
        "dependencies": {
          "Grpc.AspNetCore": "2.39.0",
          "System.Text.Json": "5.0.2"
        }
      }
    },
    "net6.0": {
      "Grpc.AspNetCore": {
        "type": "Direct",
        "requested": "[2.39.0, )",
        "resolved": "2.39.0",
        "contentHash": "LKTSQ3d2Pt40Scc/VLjpnjF0DCkimisGNkwcaiuLEaEGcVTr8ndGF9tnT/AhMg4HwfzFXIO/t47TEQQ+7tg7Dg==",
        "dependencies": {
          "Google.Protobuf": "3.15.8",
          "Grpc.AspNetCore.Server.ClientFactory": "2.39.0",
          "Grpc.Tools": "2.39.1"
        }
      },
      "Google.Protobuf": {
        "type": "Transitive",
        "resolved": "3.15.8",
        "contentHash": "tA0S9QXJq+r3CjwBlcn5glEUrbdAxhPWO4yhq5+ycn6WW6+nsvqzO6Qf6NE9XWbEz/F2QSpBTxjdTI7SvVy7CQ==",
        "dependencies": {
          "System.Memory": "4.5.3",
          "System.Runtime.CompilerServices.Unsafe": "4.5.2"
        }
      },
      "Grpc.AspNetCore.Server": {
        "type": "Transitive",
        "resolved": "2.39.0",
        "contentHash": "oDNyoNuPDbigSPFT7PbcEgm6vmtcoJcpX9YkUPT1H7+FnEJ5yCAhL8m8RkjSkRhQWa9sfGHPtw3P4Xjvr6Bq9g==",
        "dependencies": {
          "Grpc.Net.Common": "2.39.0"
        }
      },
      "Grpc.AspNetCore.Server.ClientFactory": {
        "type": "Transitive",
        "resolved": "2.39.0",
        "contentHash": "zhKSZL0QC8b4AwiMCLq0qUhkWAMJhS7lP6fhA/DiC9js3bo1zISFGu6mfvurBq1sT24CVuuecboMMJf4QF4L+A==",
        "dependencies": {
          "Grpc.AspNetCore.Server": "2.39.0",
          "Grpc.Net.ClientFactory": "2.39.0"
        }
      },
      "Grpc.Core.Api": {
        "type": "Transitive",
        "resolved": "2.39.1",
        "contentHash": "8qZlpIhUEyshIY/mlMWAaer9ehOxu/UFO8YlG9kI8MHnBSves5mkc5elkHO0egAJCshYhZjkCNhj+UCKkK0kOQ==",
        "dependencies": {
          "System.Memory": "4.5.3"
        }
      },
      "Grpc.Net.Client": {
        "type": "Transitive",
        "resolved": "2.39.0",
        "contentHash": "i2IBxBf+/I9U6C0CgIEg6LU7TTzOjGI6ff15arSOnLNs22WcrIOTDoNwUZ5h6z1ymcFUIQcoJqjd15UeW0U7zQ==",
        "dependencies": {
          "Grpc.Net.Common": "2.39.0",
          "Microsoft.Extensions.Logging.Abstractions": "3.0.3"
        }
      },
      "Grpc.Net.ClientFactory": {
        "type": "Transitive",
        "resolved": "2.39.0",
        "contentHash": "vky36VUE9iUCHo2eUfkZUOtHCUB8PjRrGHtNQJyW1jf2rJM8px6SQVODbysBVHwd/fB4OidoNa8AN7D5N6fJaA==",
        "dependencies": {
          "Grpc.Net.Client": "2.39.0",
          "Microsoft.Extensions.Http": "3.0.3"
        }
      },
      "Grpc.Net.Common": {
        "type": "Transitive",
        "resolved": "2.39.0",
        "contentHash": "67nApml/WnMHHm4b26mk5xnW7vAEE9TEEA/tyswFMg9O8bDlriGTvoCoNMO1fDNyXtasYT1Pk7jyd9BqLCQ2tw==",
        "dependencies": {
          "Grpc.Core.Api": "2.39.1"
        }
      },
      "Grpc.Tools": {
        "type": "Transitive",
        "resolved": "2.39.1",
        "contentHash": "qYfQ2jaqQJO6ACFtU7/wCCqWpw37W3p2RmtoAAuj4A+tOqyzrwW86kUEzK0xBbkPvJTbjkJZTdwjIuzjspWv1g=="
      },
      "Microsoft.AspNetCore.Http": {
        "type": "Transitive",
        "resolved": "2.2.2",
        "contentHash": "BAibpoItxI5puk7YJbIGj95arZueM8B8M5xT1fXBn3hb3L2G3ucrZcYXv1gXdaroLbntUs8qeV8iuBrpjQsrKw==",
        "dependencies": {
          "Microsoft.AspNetCore.Http.Abstractions": "2.2.0",
          "Microsoft.AspNetCore.WebUtilities": "2.2.0",
          "Microsoft.Extensions.ObjectPool": "2.2.0",
          "Microsoft.Extensions.Options": "2.2.0",
          "Microsoft.Net.Http.Headers": "2.2.0"
        }
      },
      "Microsoft.AspNetCore.Http.Abstractions": {
        "type": "Transitive",
        "resolved": "2.2.0",
        "contentHash": "Nxs7Z1q3f1STfLYKJSVXCs1iBl+Ya6E8o4Oy1bCxJ/rNI44E/0f6tbsrVqAWfB7jlnJfyaAtIalBVxPKUPQb4Q==",
        "dependencies": {
          "Microsoft.AspNetCore.Http.Features": "2.2.0",
          "System.Text.Encodings.Web": "4.5.0"
        }
      },
      "Microsoft.AspNetCore.Http.Features": {
        "type": "Transitive",
        "resolved": "2.2.0",
        "contentHash": "ziFz5zH8f33En4dX81LW84I6XrYXKf9jg6aM39cM+LffN9KJahViKZ61dGMSO2gd3e+qe5yBRwsesvyqlZaSMg==",
        "dependencies": {
          "Microsoft.Extensions.Primitives": "2.2.0"
        }
      },
      "Microsoft.AspNetCore.WebUtilities": {
        "type": "Transitive",
        "resolved": "2.2.0",
        "contentHash": "9ErxAAKaDzxXASB/b5uLEkLgUWv1QbeVxyJYEHQwMaxXOeFFVkQxiq8RyfVcifLU7NR0QY0p3acqx4ZpYfhHDg==",
        "dependencies": {
          "Microsoft.Net.Http.Headers": "2.2.0",
          "System.Text.Encodings.Web": "4.5.0"
        }
      },
      "Microsoft.Extensions.DependencyInjection": {
        "type": "Transitive",
        "resolved": "6.0.0-preview.7.21377.19",
        "contentHash": "BjESHgE6sL2YfUsc7fyA6zWax/ByG0We+F5hRk9hvlSupFMzaMvKWhjAAzZnQG+tvqsrZxydrZtganxDpuqqeQ==",
        "dependencies": {
          "Microsoft.Extensions.DependencyInjection.Abstractions": "6.0.0-preview.7.21377.19",
          "System.Runtime.CompilerServices.Unsafe": "6.0.0-preview.7.21377.19"
        }
      },
      "Microsoft.Extensions.DependencyInjection.Abstractions": {
        "type": "Transitive",
        "resolved": "6.0.0-preview.7.21377.19",
        "contentHash": "atV1M3Bmuc9+mIW1/AxgfYhZBH74P5897+sOq5zXQaNA/OBqAax1NQ/LZrIVqpFMYk5aPVv4vn2uirQ4Peuglg=="
      },
      "Microsoft.Extensions.Http": {
        "type": "Transitive",
        "resolved": "6.0.0-preview.7.21377.19",
        "contentHash": "65TeeyQhjukC4WH+tAsav3A39D49r1zEcCgzfCJbqBoGDY30A02k4W1G5r77TOnCLuqiJkPiPd4y9DpJ+gkrlg==",
        "dependencies": {
          "Microsoft.Extensions.DependencyInjection.Abstractions": "6.0.0-preview.7.21377.19",
          "Microsoft.Extensions.Logging": "6.0.0-preview.7.21377.19",
          "Microsoft.Extensions.Logging.Abstractions": "6.0.0-preview.7.21377.19",
          "Microsoft.Extensions.Options": "6.0.0-preview.7.21377.19"
        }
      },
      "Microsoft.Extensions.Logging": {
        "type": "Transitive",
        "resolved": "6.0.0-preview.7.21377.19",
        "contentHash": "kOrN0Tazrui2vh1tSqdI33lwZPBCPeyR7z8pWOR3i4LembIq5LBtZ6kNQMcp4vrrkMwafu6vPcbgaZy0gPKb1g==",
        "dependencies": {
          "Microsoft.Extensions.DependencyInjection": "6.0.0-preview.7.21377.19",
          "Microsoft.Extensions.DependencyInjection.Abstractions": "6.0.0-preview.7.21377.19",
          "Microsoft.Extensions.Logging.Abstractions": "6.0.0-preview.7.21377.19",
          "Microsoft.Extensions.Options": "6.0.0-preview.7.21377.19",
          "System.Diagnostics.DiagnosticSource": "6.0.0-preview.7.21377.19"
        }
      },
      "Microsoft.Extensions.Logging.Abstractions": {
        "type": "Transitive",
        "resolved": "6.0.0-preview.7.21377.19",
        "contentHash": "cZMOsb9rKHMIPs170MUOnX3vB6lJJG3N4mO+ViX9o838Qvkq2+IEJus1B7oE2u3zCCqCUB9foa/t7qgUeSaRHg==",
        "dependencies": {
          "System.Buffers": "4.5.1",
          "System.Memory": "4.5.4"
        }
      },
      "Microsoft.Extensions.ObjectPool": {
        "type": "Transitive",
        "resolved": "2.2.0",
        "contentHash": "gA8H7uQOnM5gb+L0uTNjViHYr+hRDqCdfugheGo/MxQnuHzmhhzCBTIPm19qL1z1Xe0NEMabfcOBGv9QghlZ8g=="
      },
      "Microsoft.Extensions.Options": {
        "type": "Transitive",
        "resolved": "6.0.0-preview.7.21377.19",
        "contentHash": "OiAS21Wg1X1qm4yE54PPJahF+nogKn5A+1UYcewvsASDcUudjllpCGMrqh5cI27pIst5VbFhq1KGTwzhU/GywA==",
        "dependencies": {
          "Microsoft.Extensions.DependencyInjection.Abstractions": "6.0.0-preview.7.21377.19",
          "Microsoft.Extensions.Primitives": "6.0.0-preview.7.21377.19"
        }
      },
      "Microsoft.Extensions.Primitives": {
        "type": "Transitive",
        "resolved": "6.0.0-preview.7.21377.19",
        "contentHash": "dbYTaKld3fbZETLzYknl5np8/rnas3isR3RQi0xvZNrz4S1bhn7lsEbu8ACwMAQxPxiKBgl59RKUNVmqjJ4Aww==",
        "dependencies": {
          "System.Runtime.CompilerServices.Unsafe": "6.0.0-preview.7.21377.19"
        }
      },
      "Microsoft.Net.Http.Headers": {
        "type": "Transitive",
        "resolved": "2.2.0",
        "contentHash": "iZNkjYqlo8sIOI0bQfpsSoMTmB/kyvmV2h225ihyZT33aTp48ZpF6qYnXxzSXmHt8DpBAwBTX+1s1UFLbYfZKg==",
        "dependencies": {
          "Microsoft.Extensions.Primitives": "2.2.0",
          "System.Buffers": "4.5.0"
        }
      },
      "System.Buffers": {
        "type": "Transitive",
        "resolved": "4.5.1",
        "contentHash": "Rw7ijyl1qqRS0YQD/WycNst8hUUMgrMH4FCn1nNm27M4VxchZ1js3fVjQaANHO5f3sN4isvP4a+Met9Y4YomAg=="
      },
      "System.Diagnostics.DiagnosticSource": {
        "type": "Transitive",
        "resolved": "6.0.0-preview.7.21377.19",
        "contentHash": "bnq8waIAuRZSU63bQQYzCTyfhqCSKTKWfy2oxBcVWh79d8WaiC4vtvyR0kAcF4YMrhK4YwjlXLblgfifXImPGw=="
      },
      "System.Memory": {
        "type": "Transitive",
        "resolved": "4.5.4",
        "contentHash": "1MbJTHS1lZ4bS4FmsJjnuGJOu88ZzTT2rLvrhW7Ygic+pC0NWA+3hgAen0HRdsocuQXCkUTdFn9yHJJhsijDXw=="
      },
      "System.Runtime.CompilerServices.Unsafe": {
        "type": "Transitive",
        "resolved": "6.0.0-preview.7.21377.19",
        "contentHash": "G9eKxgKE5UoyJdB4tpBFCWlgky34N11QDIjn92g6BwqII03yra4raegNNt3y3lmN6k+VDLIzgVMuddZ7LT6TEw=="
      },
      "System.Text.Encodings.Web": {
        "type": "Transitive",
        "resolved": "4.5.0",
        "contentHash": "Xg4G4Indi4dqP1iuAiMSwpiWS54ZghzR644OtsRCm/m/lBMG8dUBhLVN7hLm8NNrNTR+iGbshCPTwrvxZPlm4g=="
      },
      "System.Text.Json": {
        "type": "Transitive",
        "resolved": "5.0.2",
        "contentHash": "I47dVIGiV6SfAyppphxqupertT/5oZkYLDCX6vC3HpOI4ZLjyoKAreUoem2ie6G0RbRuFrlqz/PcTQjfb2DOfQ=="
      },
      "Haland.DotNetTrace": {
        "type": "Project",
        "dependencies": {
          "Microsoft.AspNetCore.Http": "2.2.2",
          "Microsoft.Extensions.Http": "6.0.0-preview.7.21377.19"
        }
      },
      "tests.utilities": {
        "type": "Project",
        "dependencies": {
          "Grpc.AspNetCore": "2.39.0",
          "System.Text.Json": "5.0.2"
        }
      }
    }
  }
}